// !$*UTF8*$!
{
	archiveVersion = 1;
	classes = {
	};
	objectVersion = 50;
	objects = {

/* Begin PBXBuildFile section */
		2943EAD6234D19EA00BEC10F /* AppDelegate.swift in Sources */ = {isa = PBXBuildFile; fileRef = 2943EAD5234D19EA00BEC10F /* AppDelegate.swift */; };
		2943EAD8234D19EA00BEC10F /* SceneDelegate.swift in Sources */ = {isa = PBXBuildFile; fileRef = 2943EAD7234D19EA00BEC10F /* SceneDelegate.swift */; };
		2943EADA234D19EA00BEC10F /* ContentView.swift in Sources */ = {isa = PBXBuildFile; fileRef = 2943EAD9234D19EA00BEC10F /* ContentView.swift */; };
		2943EADC234D19EB00BEC10F /* Assets.xcassets in Resources */ = {isa = PBXBuildFile; fileRef = 2943EADB234D19EB00BEC10F /* Assets.xcassets */; };
		2943EADF234D19EB00BEC10F /* Preview Assets.xcassets in Resources */ = {isa = PBXBuildFile; fileRef = 2943EADE234D19EB00BEC10F /* Preview Assets.xcassets */; };
		2943EAE2234D19EB00BEC10F /* LaunchScreen.storyboard in Resources */ = {isa = PBXBuildFile; fileRef = 2943EAE0234D19EB00BEC10F /* LaunchScreen.storyboard */; };
		2943EAED234D19EB00BEC10F /* HerbyTests.swift in Sources */ = {isa = PBXBuildFile; fileRef = 2943EAEC234D19EB00BEC10F /* HerbyTests.swift */; };
		2943EAF8234D19EB00BEC10F /* HerbyUITests.swift in Sources */ = {isa = PBXBuildFile; fileRef = 2943EAF7234D19EB00BEC10F /* HerbyUITests.swift */; };
/* End PBXBuildFile section */

/* Begin PBXContainerItemProxy section */
		2943EAE9234D19EB00BEC10F /* PBXContainerItemProxy */ = {
			isa = PBXContainerItemProxy;
			containerPortal = 2943EACA234D19EA00BEC10F /* Project object */;
			proxyType = 1;
			remoteGlobalIDString = 2943EAD1234D19EA00BEC10F;
			remoteInfo = Herby;
		};
		2943EAF4234D19EB00BEC10F /* PBXContainerItemProxy */ = {
			isa = PBXContainerItemProxy;
			containerPortal = 2943EACA234D19EA00BEC10F /* Project object */;
			proxyType = 1;
			remoteGlobalIDString = 2943EAD1234D19EA00BEC10F;
			remoteInfo = Herby;
		};
/* End PBXContainerItemProxy section */

/* Begin PBXFileReference section */
		2943EAD2234D19EA00BEC10F /* Herby.app */ = {isa = PBXFileReference; explicitFileType = wrapper.application; includeInIndex = 0; path = Herby.app; sourceTree = BUILT_PRODUCTS_DIR; };
		2943EAD5234D19EA00BEC10F /* AppDelegate.swift */ = {isa = PBXFileReference; lastKnownFileType = sourcecode.swift; path = AppDelegate.swift; sourceTree = "<group>"; };
		2943EAD7234D19EA00BEC10F /* SceneDelegate.swift */ = {isa = PBXFileReference; lastKnownFileType = sourcecode.swift; path = SceneDelegate.swift; sourceTree = "<group>"; };
		2943EAD9234D19EA00BEC10F /* ContentView.swift */ = {isa = PBXFileReference; lastKnownFileType = sourcecode.swift; path = ContentView.swift; sourceTree = "<group>"; };
		2943EADB234D19EB00BEC10F /* Assets.xcassets */ = {isa = PBXFileReference; lastKnownFileType = folder.assetcatalog; path = Assets.xcassets; sourceTree = "<group>"; };
		2943EADE234D19EB00BEC10F /* Preview Assets.xcassets */ = {isa = PBXFileReference; lastKnownFileType = folder.assetcatalog; path = "Preview Assets.xcassets"; sourceTree = "<group>"; };
		2943EAE1234D19EB00BEC10F /* Base */ = {isa = PBXFileReference; lastKnownFileType = file.storyboard; name = Base; path = Base.lproj/LaunchScreen.storyboard; sourceTree = "<group>"; };
		2943EAE3234D19EB00BEC10F /* Info.plist */ = {isa = PBXFileReference; lastKnownFileType = text.plist.xml; path = Info.plist; sourceTree = "<group>"; };
		2943EAE8234D19EB00BEC10F /* HerbyTests.xctest */ = {isa = PBXFileReference; explicitFileType = wrapper.cfbundle; includeInIndex = 0; path = HerbyTests.xctest; sourceTree = BUILT_PRODUCTS_DIR; };
		2943EAEC234D19EB00BEC10F /* HerbyTests.swift */ = {isa = PBXFileReference; lastKnownFileType = sourcecode.swift; path = HerbyTests.swift; sourceTree = "<group>"; };
		2943EAEE234D19EB00BEC10F /* Info.plist */ = {isa = PBXFileReference; lastKnownFileType = text.plist.xml; path = Info.plist; sourceTree = "<group>"; };
		2943EAF3234D19EB00BEC10F /* HerbyUITests.xctest */ = {isa = PBXFileReference; explicitFileType = wrapper.cfbundle; includeInIndex = 0; path = HerbyUITests.xctest; sourceTree = BUILT_PRODUCTS_DIR; };
		2943EAF7234D19EB00BEC10F /* HerbyUITests.swift */ = {isa = PBXFileReference; lastKnownFileType = sourcecode.swift; path = HerbyUITests.swift; sourceTree = "<group>"; };
		2943EAF9234D19EB00BEC10F /* Info.plist */ = {isa = PBXFileReference; lastKnownFileType = text.plist.xml; path = Info.plist; sourceTree = "<group>"; };
/* End PBXFileReference section */

/* Begin PBXFrameworksBuildPhase section */
		2943EACF234D19EA00BEC10F /* Frameworks */ = {
			isa = PBXFrameworksBuildPhase;
			buildActionMask = 2147483647;
			files = (
			);
			runOnlyForDeploymentPostprocessing = 0;
		};
		2943EAE5234D19EB00BEC10F /* Frameworks */ = {
			isa = PBXFrameworksBuildPhase;
			buildActionMask = 2147483647;
			files = (
			);
			runOnlyForDeploymentPostprocessing = 0;
		};
		2943EAF0234D19EB00BEC10F /* Frameworks */ = {
			isa = PBXFrameworksBuildPhase;
			buildActionMask = 2147483647;
			files = (
			);
			runOnlyForDeploymentPostprocessing = 0;
		};
/* End PBXFrameworksBuildPhase section */

/* Begin PBXGroup section */
		2943EAC9234D19EA00BEC10F = {
			isa = PBXGroup;
			children = (
				2943EAD4234D19EA00BEC10F /* Herby */,
				2943EAEB234D19EB00BEC10F /* HerbyTests */,
				2943EAF6234D19EB00BEC10F /* HerbyUITests */,
				2943EAD3234D19EA00BEC10F /* Products */,
			);
			sourceTree = "<group>";
		};
		2943EAD3234D19EA00BEC10F /* Products */ = {
			isa = PBXGroup;
			children = (
				2943EAD2234D19EA00BEC10F /* Herby.app */,
				2943EAE8234D19EB00BEC10F /* HerbyTests.xctest */,
				2943EAF3234D19EB00BEC10F /* HerbyUITests.xctest */,
			);
			name = Products;
			sourceTree = "<group>";
		};
		2943EAD4234D19EA00BEC10F /* Herby */ = {
			isa = PBXGroup;
			children = (
				2943EAD5234D19EA00BEC10F /* AppDelegate.swift */,
				2943EAD7234D19EA00BEC10F /* SceneDelegate.swift */,
				2943EAD9234D19EA00BEC10F /* ContentView.swift */,
				2943EADB234D19EB00BEC10F /* Assets.xcassets */,
				2943EAE0234D19EB00BEC10F /* LaunchScreen.storyboard */,
				2943EAE3234D19EB00BEC10F /* Info.plist */,
				2943EADD234D19EB00BEC10F /* Preview Content */,
			);
			path = Herby;
			sourceTree = "<group>";
		};
		2943EADD234D19EB00BEC10F /* Preview Content */ = {
			isa = PBXGroup;
			children = (
				2943EADE234D19EB00BEC10F /* Preview Assets.xcassets */,
			);
			path = "Preview Content";
			sourceTree = "<group>";
		};
		2943EAEB234D19EB00BEC10F /* HerbyTests */ = {
			isa = PBXGroup;
			children = (
				2943EAEC234D19EB00BEC10F /* HerbyTests.swift */,
				2943EAEE234D19EB00BEC10F /* Info.plist */,
			);
			path = HerbyTests;
			sourceTree = "<group>";
		};
		2943EAF6234D19EB00BEC10F /* HerbyUITests */ = {
			isa = PBXGroup;
			children = (
				2943EAF7234D19EB00BEC10F /* HerbyUITests.swift */,
				2943EAF9234D19EB00BEC10F /* Info.plist */,
			);
			path = HerbyUITests;
			sourceTree = "<group>";
		};
/* End PBXGroup section */

/* Begin PBXNativeTarget section */
		2943EAD1234D19EA00BEC10F /* Herby */ = {
			isa = PBXNativeTarget;
			buildConfigurationList = 2943EAFC234D19EB00BEC10F /* Build configuration list for PBXNativeTarget "Herby" */;
			buildPhases = (
				2943EACE234D19EA00BEC10F /* Sources */,
				2943EACF234D19EA00BEC10F /* Frameworks */,
				2943EAD0234D19EA00BEC10F /* Resources */,
			);
			buildRules = (
			);
			dependencies = (
			);
			name = Herby;
			productName = Herby;
			productReference = 2943EAD2234D19EA00BEC10F /* Herby.app */;
			productType = "com.apple.product-type.application";
		};
		2943EAE7234D19EB00BEC10F /* HerbyTests */ = {
			isa = PBXNativeTarget;
			buildConfigurationList = 2943EAFF234D19EB00BEC10F /* Build configuration list for PBXNativeTarget "HerbyTests" */;
			buildPhases = (
				2943EAE4234D19EB00BEC10F /* Sources */,
				2943EAE5234D19EB00BEC10F /* Frameworks */,
				2943EAE6234D19EB00BEC10F /* Resources */,
			);
			buildRules = (
			);
			dependencies = (
				2943EAEA234D19EB00BEC10F /* PBXTargetDependency */,
			);
			name = HerbyTests;
			productName = HerbyTests;
			productReference = 2943EAE8234D19EB00BEC10F /* HerbyTests.xctest */;
			productType = "com.apple.product-type.bundle.unit-test";
		};
		2943EAF2234D19EB00BEC10F /* HerbyUITests */ = {
			isa = PBXNativeTarget;
			buildConfigurationList = 2943EB02234D19EB00BEC10F /* Build configuration list for PBXNativeTarget "HerbyUITests" */;
			buildPhases = (
				2943EAEF234D19EB00BEC10F /* Sources */,
				2943EAF0234D19EB00BEC10F /* Frameworks */,
				2943EAF1234D19EB00BEC10F /* Resources */,
			);
			buildRules = (
			);
			dependencies = (
				2943EAF5234D19EB00BEC10F /* PBXTargetDependency */,
			);
			name = HerbyUITests;
			productName = HerbyUITests;
			productReference = 2943EAF3234D19EB00BEC10F /* HerbyUITests.xctest */;
			productType = "com.apple.product-type.bundle.ui-testing";
		};
/* End PBXNativeTarget section */

/* Begin PBXProject section */
		2943EACA234D19EA00BEC10F /* Project object */ = {
			isa = PBXProject;
			attributes = {
				LastSwiftUpdateCheck = 1100;
				LastUpgradeCheck = 1100;
				ORGANIZATIONNAME = Amith;
				TargetAttributes = {
					2943EAD1234D19EA00BEC10F = {
						CreatedOnToolsVersion = 11.0;
					};
					2943EAE7234D19EB00BEC10F = {
						CreatedOnToolsVersion = 11.0;
						TestTargetID = 2943EAD1234D19EA00BEC10F;
					};
					2943EAF2234D19EB00BEC10F = {
						CreatedOnToolsVersion = 11.0;
						TestTargetID = 2943EAD1234D19EA00BEC10F;
					};
				};
			};
			buildConfigurationList = 2943EACD234D19EA00BEC10F /* Build configuration list for PBXProject "Herby" */;
			compatibilityVersion = "Xcode 9.3";
			developmentRegion = en;
			hasScannedForEncodings = 0;
			knownRegions = (
				en,
				Base,
			);
			mainGroup = 2943EAC9234D19EA00BEC10F;
			productRefGroup = 2943EAD3234D19EA00BEC10F /* Products */;
			projectDirPath = "";
			projectRoot = "";
			targets = (
				2943EAD1234D19EA00BEC10F /* Herby */,
				2943EAE7234D19EB00BEC10F /* HerbyTests */,
				2943EAF2234D19EB00BEC10F /* HerbyUITests */,
			);
		};
/* End PBXProject section */

/* Begin PBXResourcesBuildPhase section */
		2943EAD0234D19EA00BEC10F /* Resources */ = {
			isa = PBXResourcesBuildPhase;
			buildActionMask = 2147483647;
			files = (
				2943EAE2234D19EB00BEC10F /* LaunchScreen.storyboard in Resources */,
				2943EADF234D19EB00BEC10F /* Preview Assets.xcassets in Resources */,
				2943EADC234D19EB00BEC10F /* Assets.xcassets in Resources */,
			);
			runOnlyForDeploymentPostprocessing = 0;
		};
		2943EAE6234D19EB00BEC10F /* Resources */ = {
			isa = PBXResourcesBuildPhase;
			buildActionMask = 2147483647;
			files = (
			);
			runOnlyForDeploymentPostprocessing = 0;
		};
		2943EAF1234D19EB00BEC10F /* Resources */ = {
			isa = PBXResourcesBuildPhase;
			buildActionMask = 2147483647;
			files = (
			);
			runOnlyForDeploymentPostprocessing = 0;
		};
/* End PBXResourcesBuildPhase section */

/* Begin PBXSourcesBuildPhase section */
		2943EACE234D19EA00BEC10F /* Sources */ = {
			isa = PBXSourcesBuildPhase;
			buildActionMask = 2147483647;
			files = (
				2943EAD6234D19EA00BEC10F /* AppDelegate.swift in Sources */,
				2943EAD8234D19EA00BEC10F /* SceneDelegate.swift in Sources */,
				2943EADA234D19EA00BEC10F /* ContentView.swift in Sources */,
			);
			runOnlyForDeploymentPostprocessing = 0;
		};
		2943EAE4234D19EB00BEC10F /* Sources */ = {
			isa = PBXSourcesBuildPhase;
			buildActionMask = 2147483647;
			files = (
				2943EAED234D19EB00BEC10F /* HerbyTests.swift in Sources */,
			);
			runOnlyForDeploymentPostprocessing = 0;
		};
		2943EAEF234D19EB00BEC10F /* Sources */ = {
			isa = PBXSourcesBuildPhase;
			buildActionMask = 2147483647;
			files = (
				2943EAF8234D19EB00BEC10F /* HerbyUITests.swift in Sources */,
			);
			runOnlyForDeploymentPostprocessing = 0;
		};
/* End PBXSourcesBuildPhase section */

/* Begin PBXTargetDependency section */
		2943EAEA234D19EB00BEC10F /* PBXTargetDependency */ = {
			isa = PBXTargetDependency;
			target = 2943EAD1234D19EA00BEC10F /* Herby */;
			targetProxy = 2943EAE9234D19EB00BEC10F /* PBXContainerItemProxy */;
		};
		2943EAF5234D19EB00BEC10F /* PBXTargetDependency */ = {
			isa = PBXTargetDependency;
			target = 2943EAD1234D19EA00BEC10F /* Herby */;
			targetProxy = 2943EAF4234D19EB00BEC10F /* PBXContainerItemProxy */;
		};
/* End PBXTargetDependency section */

/* Begin PBXVariantGroup section */
		2943EAE0234D19EB00BEC10F /* LaunchScreen.storyboard */ = {
			isa = PBXVariantGroup;
			children = (
				2943EAE1234D19EB00BEC10F /* Base */,
			);
			name = LaunchScreen.storyboard;
			sourceTree = "<group>";
		};
/* End PBXVariantGroup section */

/* Begin XCBuildConfiguration section */
		2943EAFA234D19EB00BEC10F /* Debug */ = {
			isa = XCBuildConfiguration;
			buildSettings = {
				ALWAYS_SEARCH_USER_PATHS = NO;
				CLANG_ANALYZER_NONNULL = YES;
				CLANG_ANALYZER_NUMBER_OBJECT_CONVERSION = YES_AGGRESSIVE;
				CLANG_CXX_LANGUAGE_STANDARD = "gnu++14";
				CLANG_CXX_LIBRARY = "libc++";
				CLANG_ENABLE_MODULES = YES;
				CLANG_ENABLE_OBJC_ARC = YES;
				CLANG_ENABLE_OBJC_WEAK = YES;
				CLANG_WARN_BLOCK_CAPTURE_AUTORELEASING = YES;
				CLANG_WARN_BOOL_CONVERSION = YES;
				CLANG_WARN_COMMA = YES;
				CLANG_WARN_CONSTANT_CONVERSION = YES;
				CLANG_WARN_DEPRECATED_OBJC_IMPLEMENTATIONS = YES;
				CLANG_WARN_DIRECT_OBJC_ISA_USAGE = YES_ERROR;
				CLANG_WARN_DOCUMENTATION_COMMENTS = YES;
				CLANG_WARN_EMPTY_BODY = YES;
				CLANG_WARN_ENUM_CONVERSION = YES;
				CLANG_WARN_INFINITE_RECURSION = YES;
				CLANG_WARN_INT_CONVERSION = YES;
				CLANG_WARN_NON_LITERAL_NULL_CONVERSION = YES;
				CLANG_WARN_OBJC_IMPLICIT_RETAIN_SELF = YES;
				CLANG_WARN_OBJC_LITERAL_CONVERSION = YES;
				CLANG_WARN_OBJC_ROOT_CLASS = YES_ERROR;
				CLANG_WARN_RANGE_LOOP_ANALYSIS = YES;
				CLANG_WARN_STRICT_PROTOTYPES = YES;
				CLANG_WARN_SUSPICIOUS_MOVE = YES;
				CLANG_WARN_UNGUARDED_AVAILABILITY = YES_AGGRESSIVE;
				CLANG_WARN_UNREACHABLE_CODE = YES;
				CLANG_WARN__DUPLICATE_METHOD_MATCH = YES;
				COPY_PHASE_STRIP = NO;
				DEBUG_INFORMATION_FORMAT = dwarf;
				ENABLE_STRICT_OBJC_MSGSEND = YES;
				ENABLE_TESTABILITY = YES;
				GCC_C_LANGUAGE_STANDARD = gnu11;
				GCC_DYNAMIC_NO_PIC = NO;
				GCC_NO_COMMON_BLOCKS = YES;
				GCC_OPTIMIZATION_LEVEL = 0;
				GCC_PREPROCESSOR_DEFINITIONS = (
					"DEBUG=1",
					"$(inherited)",
				);
				GCC_WARN_64_TO_32_BIT_CONVERSION = YES;
				GCC_WARN_ABOUT_RETURN_TYPE = YES_ERROR;
				GCC_WARN_UNDECLARED_SELECTOR = YES;
				GCC_WARN_UNINITIALIZED_AUTOS = YES_AGGRESSIVE;
				GCC_WARN_UNUSED_FUNCTION = YES;
				GCC_WARN_UNUSED_VARIABLE = YES;
				IPHONEOS_DEPLOYMENT_TARGET = 13.0;
				MTL_ENABLE_DEBUG_INFO = INCLUDE_SOURCE;
				MTL_FAST_MATH = YES;
				ONLY_ACTIVE_ARCH = YES;
				SDKROOT = iphoneos;
				SWIFT_ACTIVE_COMPILATION_CONDITIONS = DEBUG;
				SWIFT_OPTIMIZATION_LEVEL = "-Onone";
			};
			name = Debug;
		};
		2943EAFB234D19EB00BEC10F /* Release */ = {
			isa = XCBuildConfiguration;
			buildSettings = {
				ALWAYS_SEARCH_USER_PATHS = NO;
				CLANG_ANALYZER_NONNULL = YES;
				CLANG_ANALYZER_NUMBER_OBJECT_CONVERSION = YES_AGGRESSIVE;
				CLANG_CXX_LANGUAGE_STANDARD = "gnu++14";
				CLANG_CXX_LIBRARY = "libc++";
				CLANG_ENABLE_MODULES = YES;
				CLANG_ENABLE_OBJC_ARC = YES;
				CLANG_ENABLE_OBJC_WEAK = YES;
				CLANG_WARN_BLOCK_CAPTURE_AUTORELEASING = YES;
				CLANG_WARN_BOOL_CONVERSION = YES;
				CLANG_WARN_COMMA = YES;
				CLANG_WARN_CONSTANT_CONVERSION = YES;
				CLANG_WARN_DEPRECATED_OBJC_IMPLEMENTATIONS = YES;
				CLANG_WARN_DIRECT_OBJC_ISA_USAGE = YES_ERROR;
				CLANG_WARN_DOCUMENTATION_COMMENTS = YES;
				CLANG_WARN_EMPTY_BODY = YES;
				CLANG_WARN_ENUM_CONVERSION = YES;
				CLANG_WARN_INFINITE_RECURSION = YES;
				CLANG_WARN_INT_CONVERSION = YES;
				CLANG_WARN_NON_LITERAL_NULL_CONVERSION = YES;
				CLANG_WARN_OBJC_IMPLICIT_RETAIN_SELF = YES;
				CLANG_WARN_OBJC_LITERAL_CONVERSION = YES;
				CLANG_WARN_OBJC_ROOT_CLASS = YES_ERROR;
				CLANG_WARN_RANGE_LOOP_ANALYSIS = YES;
				CLANG_WARN_STRICT_PROTOTYPES = YES;
				CLANG_WARN_SUSPICIOUS_MOVE = YES;
				CLANG_WARN_UNGUARDED_AVAILABILITY = YES_AGGRESSIVE;
				CLANG_WARN_UNREACHABLE_CODE = YES;
				CLANG_WARN__DUPLICATE_METHOD_MATCH = YES;
				COPY_PHASE_STRIP = NO;
				DEBUG_INFORMATION_FORMAT = "dwarf-with-dsym";
				ENABLE_NS_ASSERTIONS = NO;
				ENABLE_STRICT_OBJC_MSGSEND = YES;
				GCC_C_LANGUAGE_STANDARD = gnu11;
				GCC_NO_COMMON_BLOCKS = YES;
				GCC_WARN_64_TO_32_BIT_CONVERSION = YES;
				GCC_WARN_ABOUT_RETURN_TYPE = YES_ERROR;
				GCC_WARN_UNDECLARED_SELECTOR = YES;
				GCC_WARN_UNINITIALIZED_AUTOS = YES_AGGRESSIVE;
				GCC_WARN_UNUSED_FUNCTION = YES;
				GCC_WARN_UNUSED_VARIABLE = YES;
				IPHONEOS_DEPLOYMENT_TARGET = 13.0;
				MTL_ENABLE_DEBUG_INFO = NO;
				MTL_FAST_MATH = YES;
				SDKROOT = iphoneos;
				SWIFT_COMPILATION_MODE = wholemodule;
				SWIFT_OPTIMIZATION_LEVEL = "-O";
				VALIDATE_PRODUCT = YES;
			};
			name = Release;
		};
		2943EAFD234D19EB00BEC10F /* Debug */ = {
			isa = XCBuildConfiguration;
			buildSettings = {
				ASSETCATALOG_COMPILER_APPICON_NAME = AppIcon;
				CODE_SIGN_STYLE = Automatic;
				DEVELOPMENT_ASSET_PATHS = "\"Herby/Preview Content\"";
				ENABLE_PREVIEWS = YES;
				INFOPLIST_FILE = Herby/Info.plist;
				LD_RUNPATH_SEARCH_PATHS = (
					"$(inherited)",
					"@executable_path/Frameworks",
				);
				PRODUCT_BUNDLE_IDENTIFIER = com.amith.essex.Herby;
				PRODUCT_NAME = "$(TARGET_NAME)";
				SWIFT_VERSION = 5.0;
				TARGETED_DEVICE_FAMILY = "1,2";
			};
			name = Debug;
		};
		2943EAFE234D19EB00BEC10F /* Release */ = {
			isa = XCBuildConfiguration;
			buildSettings = {
				ASSETCATALOG_COMPILER_APPICON_NAME = AppIcon;
				CODE_SIGN_STYLE = Automatic;
				DEVELOPMENT_ASSET_PATHS = "\"Herby/Preview Content\"";
				ENABLE_PREVIEWS = YES;
				INFOPLIST_FILE = Herby/Info.plist;
				LD_RUNPATH_SEARCH_PATHS = (
					"$(inherited)",
					"@executable_path/Frameworks",
				);
				PRODUCT_BUNDLE_IDENTIFIER = com.amith.essex.Herby;
				PRODUCT_NAME = "$(TARGET_NAME)";
				SWIFT_VERSION = 5.0;
				TARGETED_DEVICE_FAMILY = "1,2";
			};
			name = Release;
		};
		2943EB00234D19EB00BEC10F /* Debug */ = {
			isa = XCBuildConfiguration;
			buildSettings = {
				ALWAYS_EMBED_SWIFT_STANDARD_LIBRARIES = YES;
				BUNDLE_LOADER = "$(TEST_HOST)";
				CODE_SIGN_STYLE = Automatic;
				INFOPLIST_FILE = HerbyTests/Info.plist;
				IPHONEOS_DEPLOYMENT_TARGET = 13.0;
				LD_RUNPATH_SEARCH_PATHS = (
					"$(inherited)",
					"@executable_path/Frameworks",
					"@loader_path/Frameworks",
				);
				PRODUCT_BUNDLE_IDENTIFIER = com.amith.essex.HerbyTests;
				PRODUCT_NAME = "$(TARGET_NAME)";
				SWIFT_VERSION = 5.0;
				TARGETED_DEVICE_FAMILY = "1,2";
				TEST_HOST = "$(BUILT_PRODUCTS_DIR)/Herby.app/Herby";
			};
			name = Debug;
		};
		2943EB01234D19EB00BEC10F /* Release */ = {
			isa = XCBuildConfiguration;
			buildSettings = {
				ALWAYS_EMBED_SWIFT_STANDARD_LIBRARIES = YES;
				BUNDLE_LOADER = "$(TEST_HOST)";
				CODE_SIGN_STYLE = Automatic;
				INFOPLIST_FILE = HerbyTests/Info.plist;
				IPHONEOS_DEPLOYMENT_TARGET = 13.0;
				LD_RUNPATH_SEARCH_PATHS = (
					"$(inherited)",
					"@executable_path/Frameworks",
					"@loader_path/Frameworks",
				);
				PRODUCT_BUNDLE_IDENTIFIER = com.amith.essex.HerbyTests;
				PRODUCT_NAME = "$(TARGET_NAME)";
				SWIFT_VERSION = 5.0;
				TARGETED_DEVICE_FAMILY = "1,2";
				TEST_HOST = "$(BUILT_PRODUCTS_DIR)/Herby.app/Herby";
			};
			name = Release;
		};
		2943EB03234D19EB00BEC10F /* Debug */ = {
			isa = XCBuildConfiguration;
			buildSettings = {
				ALWAYS_EMBED_SWIFT_STANDARD_LIBRARIES = YES;
				CODE_SIGN_STYLE = Automatic;
				INFOPLIST_FILE = HerbyUITests/Info.plist;
				LD_RUNPATH_SEARCH_PATHS = (
					"$(inherited)",
					"@executable_path/Frameworks",
					"@loader_path/Frameworks",
				);
				PRODUCT_BUNDLE_IDENTIFIER = com.amith.essex.HerbyUITests;
				PRODUCT_NAME = "$(TARGET_NAME)";
				SWIFT_VERSION = 5.0;
				TARGETED_DEVICE_FAMILY = "1,2";
				TEST_TARGET_NAME = Herby;
			};
			name = Debug;
		};
		2943EB04234D19EB00BEC10F /* Release */ = {
			isa = XCBuildConfiguration;
			buildSettings = {
				ALWAYS_EMBED_SWIFT_STANDARD_LIBRARIES = YES;
				CODE_SIGN_STYLE = Automatic;
				INFOPLIST_FILE = HerbyUITests/Info.plist;
				LD_RUNPATH_SEARCH_PATHS = (
					"$(inherited)",
					"@executable_path/Frameworks",
					"@loader_path/Frameworks",
				);
				PRODUCT_BUNDLE_IDENTIFIER = com.amith.essex.HerbyUITests;
				PRODUCT_NAME = "$(TARGET_NAME)";
				SWIFT_VERSION = 5.0;
				TARGETED_DEVICE_FAMILY = "1,2";
				TEST_TARGET_NAME = Herby;
			};
			name = Release;
		};
/* End XCBuildConfiguration section */

/* Begin XCConfigurationList section */
		2943EACD234D19EA00BEC10F /* Build configuration list for PBXProject "Herby" */ = {
			isa = XCConfigurationList;
			buildConfigurations = (
				2943EAFA234D19EB00BEC10F /* Debug */,
				2943EAFB234D19EB00BEC10F /* Release */,
			);
			defaultConfigurationIsVisible = 0;
			defaultConfigurationName = Release;
		};
		2943EAFC234D19EB00BEC10F /* Build configuration list for PBXNativeTarget "Herby" */ = {
			isa = XCConfigurationList;
			buildConfigurations = (
				2943EAFD234D19EB00BEC10F /* Debug */,
				2943EAFE234D19EB00BEC10F /* Release */,
			);
			defaultConfigurationIsVisible = 0;
			defaultConfigurationName = Release;
		};
		2943EAFF234D19EB00BEC10F /* Build configuration list for PBXNativeTarget "HerbyTests" */ = {
			isa = XCConfigurationList;
			buildConfigurations = (
				2943EB00234D19EB00BEC10F /* Debug */,
				2943EB01234D19EB00BEC10F /* Release */,
			);
			defaultConfigurationIsVisible = 0;
			defaultConfigurationName = Release;
		};
		2943EB02234D19EB00BEC10F /* Build configuration list for PBXNativeTarget "HerbyUITests" */ = {
			isa = XCConfigurationList;
			buildConfigurations = (
				2943EB03234D19EB00BEC10F /* Debug */,
				2943EB04234D19EB00BEC10F /* Release */,
			);
			defaultConfigurationIsVisible = 0;
			defaultConfigurationName = Release;
		};
/* End XCConfigurationList section */
	};
	rootObject = 2943EACA234D19EA00BEC10F /* Project object */;
}
