// !$*UTF8*$!
{
	archiveVersion = 1;
	classes = {
	};
	objectVersion = 51;
	objects = {

/* Begin PBXBuildFile section */
		24AB2AA5CAD62C2D84773C87 /* Pods_Herby_HerbyTests.framework in Frameworks */ = {isa = PBXBuildFile; fileRef = 530D7C0BEE1BBCD8CC1F3A2F /* Pods_Herby_HerbyTests.framework */; };
		2937DA1F234D3BCE00B95535 /* AppDelegate.swift in Sources */ = {isa = PBXBuildFile; fileRef = 2937DA1E234D3BCE00B95535 /* AppDelegate.swift */; };
		2937DA21234D3BCE00B95535 /* SceneDelegate.swift in Sources */ = {isa = PBXBuildFile; fileRef = 2937DA20234D3BCE00B95535 /* SceneDelegate.swift */; };
		2937DA23234D3BCE00B95535 /* RecipesVC.swift in Sources */ = {isa = PBXBuildFile; fileRef = 2937DA22234D3BCE00B95535 /* RecipesVC.swift */; };
		2937DA26234D3BCE00B95535 /* Main.storyboard in Resources */ = {isa = PBXBuildFile; fileRef = 2937DA24234D3BCE00B95535 /* Main.storyboard */; };
		2937DA28234D3BCF00B95535 /* Assets.xcassets in Resources */ = {isa = PBXBuildFile; fileRef = 2937DA27234D3BCF00B95535 /* Assets.xcassets */; };
		2937DA2B234D3BCF00B95535 /* LaunchScreen.storyboard in Resources */ = {isa = PBXBuildFile; fileRef = 2937DA29234D3BCF00B95535 /* LaunchScreen.storyboard */; };
		2937DA36234D3BCF00B95535 /* HerbyTests.swift in Sources */ = {isa = PBXBuildFile; fileRef = 2937DA35234D3BCF00B95535 /* HerbyTests.swift */; };
		2937DA41234D3BCF00B95535 /* HerbyUITests.swift in Sources */ = {isa = PBXBuildFile; fileRef = 2937DA40234D3BCF00B95535 /* HerbyUITests.swift */; };
		293F4A62234FB26800ADB105 /* FloatingActionButtonExtension.swift in Sources */ = {isa = PBXBuildFile; fileRef = 293F4A61234FB26800ADB105 /* FloatingActionButtonExtension.swift */; };
		293F4A65234FC74900ADB105 /* InventoryListModel.xcdatamodeld in Sources */ = {isa = PBXBuildFile; fileRef = 293F4A63234FC74900ADB105 /* InventoryListModel.xcdatamodeld */; };
		29E02DBB234E0520002A8821 /* InventoryVC.swift in Sources */ = {isa = PBXBuildFile; fileRef = 29E02DBA234E0520002A8821 /* InventoryVC.swift */; };
		29E02DBD234E076B002A8821 /* ShoppingListVC.swift in Sources */ = {isa = PBXBuildFile; fileRef = 29E02DBC234E076B002A8821 /* ShoppingListVC.swift */; };
		29E02DBF234E0900002A8821 /* AccountVC.swift in Sources */ = {isa = PBXBuildFile; fileRef = 29E02DBE234E0900002A8821 /* AccountVC.swift */; };
		B7574230A952DB0D513D1FC3 /* Pods_Herby.framework in Frameworks */ = {isa = PBXBuildFile; fileRef = 81AD058CD939AEEB23C9C4FB /* Pods_Herby.framework */; };
/* End PBXBuildFile section */

/* Begin PBXContainerItemProxy section */
		2937DA32234D3BCF00B95535 /* PBXContainerItemProxy */ = {
			isa = PBXContainerItemProxy;
			containerPortal = 2937DA13234D3BCE00B95535 /* Project object */;
			proxyType = 1;
			remoteGlobalIDString = 2937DA1A234D3BCE00B95535;
			remoteInfo = Herby;
		};
		2937DA3D234D3BCF00B95535 /* PBXContainerItemProxy */ = {
			isa = PBXContainerItemProxy;
			containerPortal = 2937DA13234D3BCE00B95535 /* Project object */;
			proxyType = 1;
			remoteGlobalIDString = 2937DA1A234D3BCE00B95535;
			remoteInfo = Herby;
		};
/* End PBXContainerItemProxy section */

/* Begin PBXFileReference section */
		0B35B8A4E4829AA58162AC40 /* Pods-HerbyTests.release.xcconfig */ = {isa = PBXFileReference; includeInIndex = 1; lastKnownFileType = text.xcconfig; name = "Pods-HerbyTests.release.xcconfig"; path = "Target Support Files/Pods-HerbyTests/Pods-HerbyTests.release.xcconfig"; sourceTree = "<group>"; };
		2937DA1B234D3BCE00B95535 /* Herby.app */ = {isa = PBXFileReference; explicitFileType = wrapper.application; includeInIndex = 0; path = Herby.app; sourceTree = BUILT_PRODUCTS_DIR; };
		2937DA1E234D3BCE00B95535 /* AppDelegate.swift */ = {isa = PBXFileReference; lastKnownFileType = sourcecode.swift; path = AppDelegate.swift; sourceTree = "<group>"; };
		2937DA20234D3BCE00B95535 /* SceneDelegate.swift */ = {isa = PBXFileReference; lastKnownFileType = sourcecode.swift; path = SceneDelegate.swift; sourceTree = "<group>"; };
		2937DA22234D3BCE00B95535 /* RecipesVC.swift */ = {isa = PBXFileReference; lastKnownFileType = sourcecode.swift; path = RecipesVC.swift; sourceTree = "<group>"; };
		2937DA25234D3BCE00B95535 /* Base */ = {isa = PBXFileReference; lastKnownFileType = file.storyboard; name = Base; path = Base.lproj/Main.storyboard; sourceTree = "<group>"; };
		2937DA27234D3BCF00B95535 /* Assets.xcassets */ = {isa = PBXFileReference; lastKnownFileType = folder.assetcatalog; path = Assets.xcassets; sourceTree = "<group>"; };
		2937DA2A234D3BCF00B95535 /* Base */ = {isa = PBXFileReference; lastKnownFileType = file.storyboard; name = Base; path = Base.lproj/LaunchScreen.storyboard; sourceTree = "<group>"; };
		2937DA2C234D3BCF00B95535 /* Info.plist */ = {isa = PBXFileReference; lastKnownFileType = text.plist.xml; path = Info.plist; sourceTree = "<group>"; };
		2937DA31234D3BCF00B95535 /* HerbyTests.xctest */ = {isa = PBXFileReference; explicitFileType = wrapper.cfbundle; includeInIndex = 0; path = HerbyTests.xctest; sourceTree = BUILT_PRODUCTS_DIR; };
		2937DA35234D3BCF00B95535 /* HerbyTests.swift */ = {isa = PBXFileReference; lastKnownFileType = sourcecode.swift; path = HerbyTests.swift; sourceTree = "<group>"; };
		2937DA37234D3BCF00B95535 /* Info.plist */ = {isa = PBXFileReference; lastKnownFileType = text.plist.xml; path = Info.plist; sourceTree = "<group>"; };
		2937DA3C234D3BCF00B95535 /* HerbyUITests.xctest */ = {isa = PBXFileReference; explicitFileType = wrapper.cfbundle; includeInIndex = 0; path = HerbyUITests.xctest; sourceTree = BUILT_PRODUCTS_DIR; };
		2937DA40234D3BCF00B95535 /* HerbyUITests.swift */ = {isa = PBXFileReference; lastKnownFileType = sourcecode.swift; path = HerbyUITests.swift; sourceTree = "<group>"; };
		2937DA42234D3BCF00B95535 /* Info.plist */ = {isa = PBXFileReference; lastKnownFileType = text.plist.xml; path = Info.plist; sourceTree = "<group>"; };
		293F4A61234FB26800ADB105 /* FloatingActionButtonExtension.swift */ = {isa = PBXFileReference; lastKnownFileType = sourcecode.swift; path = FloatingActionButtonExtension.swift; sourceTree = "<group>"; };
		293F4A64234FC74900ADB105 /* InventoryListModel.xcdatamodel */ = {isa = PBXFileReference; lastKnownFileType = wrapper.xcdatamodel; path = InventoryListModel.xcdatamodel; sourceTree = "<group>"; };
		29E02DBA234E0520002A8821 /* InventoryVC.swift */ = {isa = PBXFileReference; lastKnownFileType = sourcecode.swift; path = InventoryVC.swift; sourceTree = "<group>"; };
		29E02DBC234E076B002A8821 /* ShoppingListVC.swift */ = {isa = PBXFileReference; lastKnownFileType = sourcecode.swift; path = ShoppingListVC.swift; sourceTree = "<group>"; };
		29E02DBE234E0900002A8821 /* AccountVC.swift */ = {isa = PBXFileReference; lastKnownFileType = sourcecode.swift; path = AccountVC.swift; sourceTree = "<group>"; };
		42AB14FF27FD81DE7DAE27B9 /* Pods-Herby.release.xcconfig */ = {isa = PBXFileReference; includeInIndex = 1; lastKnownFileType = text.xcconfig; name = "Pods-Herby.release.xcconfig"; path = "Target Support Files/Pods-Herby/Pods-Herby.release.xcconfig"; sourceTree = "<group>"; };
		530D7C0BEE1BBCD8CC1F3A2F /* Pods_Herby_HerbyTests.framework */ = {isa = PBXFileReference; explicitFileType = wrapper.framework; includeInIndex = 0; path = Pods_Herby_HerbyTests.framework; sourceTree = BUILT_PRODUCTS_DIR; };
		6F8C47409A2F6B4091DF94D8 /* Pods-HerbyTests.debug.xcconfig */ = {isa = PBXFileReference; includeInIndex = 1; lastKnownFileType = text.xcconfig; name = "Pods-HerbyTests.debug.xcconfig"; path = "Target Support Files/Pods-HerbyTests/Pods-HerbyTests.debug.xcconfig"; sourceTree = "<group>"; };
		81AD058CD939AEEB23C9C4FB /* Pods_Herby.framework */ = {isa = PBXFileReference; explicitFileType = wrapper.framework; includeInIndex = 0; path = Pods_Herby.framework; sourceTree = BUILT_PRODUCTS_DIR; };
		8283E0A7EA1D01F017B30616 /* Pods-Herby.debug.xcconfig */ = {isa = PBXFileReference; includeInIndex = 1; lastKnownFileType = text.xcconfig; name = "Pods-Herby.debug.xcconfig"; path = "Target Support Files/Pods-Herby/Pods-Herby.debug.xcconfig"; sourceTree = "<group>"; };
		996A79DB9B7A0B4AA8FD903F /* Pods-Herby-HerbyTests.debug.xcconfig */ = {isa = PBXFileReference; includeInIndex = 1; lastKnownFileType = text.xcconfig; name = "Pods-Herby-HerbyTests.debug.xcconfig"; path = "Target Support Files/Pods-Herby-HerbyTests/Pods-Herby-HerbyTests.debug.xcconfig"; sourceTree = "<group>"; };
		F01BF9F8F09A464514596A9D /* Pods-Herby-HerbyTests.release.xcconfig */ = {isa = PBXFileReference; includeInIndex = 1; lastKnownFileType = text.xcconfig; name = "Pods-Herby-HerbyTests.release.xcconfig"; path = "Target Support Files/Pods-Herby-HerbyTests/Pods-Herby-HerbyTests.release.xcconfig"; sourceTree = "<group>"; };
/* End PBXFileReference section */

/* Begin PBXFrameworksBuildPhase section */
		2937DA18234D3BCE00B95535 /* Frameworks */ = {
			isa = PBXFrameworksBuildPhase;
			buildActionMask = 2147483647;
			files = (
				B7574230A952DB0D513D1FC3 /* Pods_Herby.framework in Frameworks */,
			);
			runOnlyForDeploymentPostprocessing = 0;
		};
		2937DA2E234D3BCF00B95535 /* Frameworks */ = {
			isa = PBXFrameworksBuildPhase;
			buildActionMask = 2147483647;
			files = (
				24AB2AA5CAD62C2D84773C87 /* Pods_Herby_HerbyTests.framework in Frameworks */,
			);
			runOnlyForDeploymentPostprocessing = 0;
		};
		2937DA39234D3BCF00B95535 /* Frameworks */ = {
			isa = PBXFrameworksBuildPhase;
			buildActionMask = 2147483647;
			files = (
			);
			runOnlyForDeploymentPostprocessing = 0;
		};
/* End PBXFrameworksBuildPhase section */

/* Begin PBXGroup section */
		2937DA12234D3BCE00B95535 = {
			isa = PBXGroup;
			children = (
				2937DA1D234D3BCE00B95535 /* Herby */,
				2937DA34234D3BCF00B95535 /* HerbyTests */,
				2937DA3F234D3BCF00B95535 /* HerbyUITests */,
				2937DA1C234D3BCE00B95535 /* Products */,
				BABE0625BC4308A416C2C588 /* Pods */,
				38A93CC5B3492EEF781FAA23 /* Frameworks */,
			);
			sourceTree = "<group>";
		};
		2937DA1C234D3BCE00B95535 /* Products */ = {
			isa = PBXGroup;
			children = (
				2937DA1B234D3BCE00B95535 /* Herby.app */,
				2937DA31234D3BCF00B95535 /* HerbyTests.xctest */,
				2937DA3C234D3BCF00B95535 /* HerbyUITests.xctest */,
			);
			name = Products;
			sourceTree = "<group>";
		};
		2937DA1D234D3BCE00B95535 /* Herby */ = {
			isa = PBXGroup;
			children = (
				2937DA1E234D3BCE00B95535 /* AppDelegate.swift */,
				2937DA20234D3BCE00B95535 /* SceneDelegate.swift */,
				293F4A60234FB1B500ADB105 /* Extensions */,
				2937DA4E234D459400B95535 /* Controller */,
				2937DA50234D45D000B95535 /* View */,
				2937DA4F234D45B400B95535 /* Model */,
				2937DA27234D3BCF00B95535 /* Assets.xcassets */,
				2937DA2C234D3BCF00B95535 /* Info.plist */,
			);
			path = Herby;
			sourceTree = "<group>";
		};
		2937DA34234D3BCF00B95535 /* HerbyTests */ = {
			isa = PBXGroup;
			children = (
				2937DA35234D3BCF00B95535 /* HerbyTests.swift */,
				2937DA37234D3BCF00B95535 /* Info.plist */,
			);
			path = HerbyTests;
			sourceTree = "<group>";
		};
		2937DA3F234D3BCF00B95535 /* HerbyUITests */ = {
			isa = PBXGroup;
			children = (
				2937DA40234D3BCF00B95535 /* HerbyUITests.swift */,
				2937DA42234D3BCF00B95535 /* Info.plist */,
			);
			path = HerbyUITests;
			sourceTree = "<group>";
		};
		2937DA4E234D459400B95535 /* Controller */ = {
			isa = PBXGroup;
			children = (
				29E02DBA234E0520002A8821 /* InventoryVC.swift */,
				2937DA22234D3BCE00B95535 /* RecipesVC.swift */,
				29E02DBC234E076B002A8821 /* ShoppingListVC.swift */,
				29E02DBE234E0900002A8821 /* AccountVC.swift */,
			);
			path = Controller;
			sourceTree = "<group>";
		};
		2937DA4F234D45B400B95535 /* Model */ = {
			isa = PBXGroup;
			children = (
				293F4A63234FC74900ADB105 /* InventoryListModel.xcdatamodeld */,
			);
			path = Model;
			sourceTree = "<group>";
		};
		2937DA50234D45D000B95535 /* View */ = {
			isa = PBXGroup;
			children = (
				2937DA29234D3BCF00B95535 /* LaunchScreen.storyboard */,
				2937DA24234D3BCE00B95535 /* Main.storyboard */,
			);
			path = View;
			sourceTree = "<group>";
		};
		293F4A60234FB1B500ADB105 /* Extensions */ = {
			isa = PBXGroup;
			children = (
				293F4A61234FB26800ADB105 /* FloatingActionButtonExtension.swift */,
			);
			path = Extensions;
			sourceTree = "<group>";
		};
		38A93CC5B3492EEF781FAA23 /* Frameworks */ = {
			isa = PBXGroup;
			children = (
				81AD058CD939AEEB23C9C4FB /* Pods_Herby.framework */,
				530D7C0BEE1BBCD8CC1F3A2F /* Pods_Herby_HerbyTests.framework */,
			);
			name = Frameworks;
			sourceTree = "<group>";
		};
		BABE0625BC4308A416C2C588 /* Pods */ = {
			isa = PBXGroup;
			children = (
				8283E0A7EA1D01F017B30616 /* Pods-Herby.debug.xcconfig */,
				42AB14FF27FD81DE7DAE27B9 /* Pods-Herby.release.xcconfig */,
				6F8C47409A2F6B4091DF94D8 /* Pods-HerbyTests.debug.xcconfig */,
				0B35B8A4E4829AA58162AC40 /* Pods-HerbyTests.release.xcconfig */,
				996A79DB9B7A0B4AA8FD903F /* Pods-Herby-HerbyTests.debug.xcconfig */,
				F01BF9F8F09A464514596A9D /* Pods-Herby-HerbyTests.release.xcconfig */,
			);
			path = Pods;
			sourceTree = "<group>";
		};
/* End PBXGroup section */

/* Begin PBXNativeTarget section */
		2937DA1A234D3BCE00B95535 /* Herby */ = {
			isa = PBXNativeTarget;
			buildConfigurationList = 2937DA45234D3BCF00B95535 /* Build configuration list for PBXNativeTarget "Herby" */;
			buildPhases = (
				DC2891EC84CBA0A6FE051AB7 /* [CP] Check Pods Manifest.lock */,
				2937DA17234D3BCE00B95535 /* Sources */,
				2937DA18234D3BCE00B95535 /* Frameworks */,
				2937DA19234D3BCE00B95535 /* Resources */,
			);
			buildRules = (
			);
			dependencies = (
			);
			name = Herby;
			productName = Herby;
			productReference = 2937DA1B234D3BCE00B95535 /* Herby.app */;
			productType = "com.apple.product-type.application";
		};
		2937DA30234D3BCF00B95535 /* HerbyTests */ = {
			isa = PBXNativeTarget;
			buildConfigurationList = 2937DA48234D3BCF00B95535 /* Build configuration list for PBXNativeTarget "HerbyTests" */;
			buildPhases = (
				F2FF6C0F0D5F586F01936E49 /* [CP] Check Pods Manifest.lock */,
				2937DA2D234D3BCF00B95535 /* Sources */,
				2937DA2E234D3BCF00B95535 /* Frameworks */,
				2937DA2F234D3BCF00B95535 /* Resources */,
				34C249CA3A40FE735D35C4DD /* [CP] Embed Pods Frameworks */,
			);
			buildRules = (
			);
			dependencies = (
				2937DA33234D3BCF00B95535 /* PBXTargetDependency */,
			);
			name = HerbyTests;
			productName = HerbyTests;
			productReference = 2937DA31234D3BCF00B95535 /* HerbyTests.xctest */;
			productType = "com.apple.product-type.bundle.unit-test";
		};
		2937DA3B234D3BCF00B95535 /* HerbyUITests */ = {
			isa = PBXNativeTarget;
			buildConfigurationList = 2937DA4B234D3BCF00B95535 /* Build configuration list for PBXNativeTarget "HerbyUITests" */;
			buildPhases = (
				2937DA38234D3BCF00B95535 /* Sources */,
				2937DA39234D3BCF00B95535 /* Frameworks */,
				2937DA3A234D3BCF00B95535 /* Resources */,
			);
			buildRules = (
			);
			dependencies = (
				2937DA3E234D3BCF00B95535 /* PBXTargetDependency */,
			);
			name = HerbyUITests;
			productName = HerbyUITests;
			productReference = 2937DA3C234D3BCF00B95535 /* HerbyUITests.xctest */;
			productType = "com.apple.product-type.bundle.ui-testing";
		};
/* End PBXNativeTarget section */

/* Begin PBXProject section */
		2937DA13234D3BCE00B95535 /* Project object */ = {
			isa = PBXProject;
			attributes = {
				LastSwiftUpdateCheck = 1100;
				LastUpgradeCheck = 1100;
				ORGANIZATIONNAME = Amith;
				TargetAttributes = {
					2937DA1A234D3BCE00B95535 = {
						CreatedOnToolsVersion = 11.0;
					};
					2937DA30234D3BCF00B95535 = {
						CreatedOnToolsVersion = 11.0;
						TestTargetID = 2937DA1A234D3BCE00B95535;
					};
					2937DA3B234D3BCF00B95535 = {
						CreatedOnToolsVersion = 11.0;
						TestTargetID = 2937DA1A234D3BCE00B95535;
					};
				};
			};
			buildConfigurationList = 2937DA16234D3BCE00B95535 /* Build configuration list for PBXProject "Herby" */;
			compatibilityVersion = "Xcode 9.3";
			developmentRegion = en;
			hasScannedForEncodings = 0;
			knownRegions = (
				en,
				Base,
			);
			mainGroup = 2937DA12234D3BCE00B95535;
			productRefGroup = 2937DA1C234D3BCE00B95535 /* Products */;
			projectDirPath = "";
			projectRoot = "";
			targets = (
				2937DA1A234D3BCE00B95535 /* Herby */,
				2937DA30234D3BCF00B95535 /* HerbyTests */,
				2937DA3B234D3BCF00B95535 /* HerbyUITests */,
			);
		};
/* End PBXProject section */

/* Begin PBXResourcesBuildPhase section */
		2937DA19234D3BCE00B95535 /* Resources */ = {
			isa = PBXResourcesBuildPhase;
			buildActionMask = 2147483647;
			files = (
				2937DA2B234D3BCF00B95535 /* LaunchScreen.storyboard in Resources */,
				2937DA28234D3BCF00B95535 /* Assets.xcassets in Resources */,
				2937DA26234D3BCE00B95535 /* Main.storyboard in Resources */,
			);
			runOnlyForDeploymentPostprocessing = 0;
		};
		2937DA2F234D3BCF00B95535 /* Resources */ = {
			isa = PBXResourcesBuildPhase;
			buildActionMask = 2147483647;
			files = (
			);
			runOnlyForDeploymentPostprocessing = 0;
		};
		2937DA3A234D3BCF00B95535 /* Resources */ = {
			isa = PBXResourcesBuildPhase;
			buildActionMask = 2147483647;
			files = (
			);
			runOnlyForDeploymentPostprocessing = 0;
		};
/* End PBXResourcesBuildPhase section */

/* Begin PBXShellScriptBuildPhase section */
		34C249CA3A40FE735D35C4DD /* [CP] Embed Pods Frameworks */ = {
			isa = PBXShellScriptBuildPhase;
			buildActionMask = 2147483647;
			files = (
			);
			inputFileListPaths = (
				"${PODS_ROOT}/Target Support Files/Pods-Herby-HerbyTests/Pods-Herby-HerbyTests-frameworks-${CONFIGURATION}-input-files.xcfilelist",
			);
			name = "[CP] Embed Pods Frameworks";
			outputFileListPaths = (
				"${PODS_ROOT}/Target Support Files/Pods-Herby-HerbyTests/Pods-Herby-HerbyTests-frameworks-${CONFIGURATION}-output-files.xcfilelist",
			);
			runOnlyForDeploymentPostprocessing = 0;
			shellPath = /bin/sh;
			shellScript = "\"${PODS_ROOT}/Target Support Files/Pods-Herby-HerbyTests/Pods-Herby-HerbyTests-frameworks.sh\"\n";
			showEnvVarsInLog = 0;
		};
		DC2891EC84CBA0A6FE051AB7 /* [CP] Check Pods Manifest.lock */ = {
			isa = PBXShellScriptBuildPhase;
			buildActionMask = 2147483647;
			files = (
			);
			inputFileListPaths = (
			);
			inputPaths = (
				"${PODS_PODFILE_DIR_PATH}/Podfile.lock",
				"${PODS_ROOT}/Manifest.lock",
			);
			name = "[CP] Check Pods Manifest.lock";
			outputFileListPaths = (
			);
			outputPaths = (
				"$(DERIVED_FILE_DIR)/Pods-Herby-checkManifestLockResult.txt",
			);
			runOnlyForDeploymentPostprocessing = 0;
			shellPath = /bin/sh;
			shellScript = "diff \"${PODS_PODFILE_DIR_PATH}/Podfile.lock\" \"${PODS_ROOT}/Manifest.lock\" > /dev/null\nif [ $? != 0 ] ; then\n    # print error to STDERR\n    echo \"error: The sandbox is not in sync with the Podfile.lock. Run 'pod install' or update your CocoaPods installation.\" >&2\n    exit 1\nfi\n# This output is used by Xcode 'outputs' to avoid re-running this script phase.\necho \"SUCCESS\" > \"${SCRIPT_OUTPUT_FILE_0}\"\n";
			showEnvVarsInLog = 0;
		};
		F2FF6C0F0D5F586F01936E49 /* [CP] Check Pods Manifest.lock */ = {
			isa = PBXShellScriptBuildPhase;
			buildActionMask = 2147483647;
			files = (
			);
			inputFileListPaths = (
			);
			inputPaths = (
				"${PODS_PODFILE_DIR_PATH}/Podfile.lock",
				"${PODS_ROOT}/Manifest.lock",
			);
			name = "[CP] Check Pods Manifest.lock";
			outputFileListPaths = (
			);
			outputPaths = (
				"$(DERIVED_FILE_DIR)/Pods-Herby-HerbyTests-checkManifestLockResult.txt",
			);
			runOnlyForDeploymentPostprocessing = 0;
			shellPath = /bin/sh;
			shellScript = "diff \"${PODS_PODFILE_DIR_PATH}/Podfile.lock\" \"${PODS_ROOT}/Manifest.lock\" > /dev/null\nif [ $? != 0 ] ; then\n    # print error to STDERR\n    echo \"error: The sandbox is not in sync with the Podfile.lock. Run 'pod install' or update your CocoaPods installation.\" >&2\n    exit 1\nfi\n# This output is used by Xcode 'outputs' to avoid re-running this script phase.\necho \"SUCCESS\" > \"${SCRIPT_OUTPUT_FILE_0}\"\n";
			showEnvVarsInLog = 0;
		};
/* End PBXShellScriptBuildPhase section */

/* Begin PBXSourcesBuildPhase section */
		2937DA17234D3BCE00B95535 /* Sources */ = {
			isa = PBXSourcesBuildPhase;
			buildActionMask = 2147483647;
			files = (
				2937DA23234D3BCE00B95535 /* RecipesVC.swift in Sources */,
				29E02DBD234E076B002A8821 /* ShoppingListVC.swift in Sources */,
				293F4A65234FC74900ADB105 /* InventoryListModel.xcdatamodeld in Sources */,
				293F4A62234FB26800ADB105 /* FloatingActionButtonExtension.swift in Sources */,
				2937DA1F234D3BCE00B95535 /* AppDelegate.swift in Sources */,
				2937DA21234D3BCE00B95535 /* SceneDelegate.swift in Sources */,
				29E02DBB234E0520002A8821 /* InventoryVC.swift in Sources */,
				29E02DBF234E0900002A8821 /* AccountVC.swift in Sources */,
			);
			runOnlyForDeploymentPostprocessing = 0;
		};
		2937DA2D234D3BCF00B95535 /* Sources */ = {
			isa = PBXSourcesBuildPhase;
			buildActionMask = 2147483647;
			files = (
				2937DA36234D3BCF00B95535 /* HerbyTests.swift in Sources */,
			);
			runOnlyForDeploymentPostprocessing = 0;
		};
		2937DA38234D3BCF00B95535 /* Sources */ = {
			isa = PBXSourcesBuildPhase;
			buildActionMask = 2147483647;
			files = (
				2937DA41234D3BCF00B95535 /* HerbyUITests.swift in Sources */,
			);
			runOnlyForDeploymentPostprocessing = 0;
		};
/* End PBXSourcesBuildPhase section */

/* Begin PBXTargetDependency section */
		2937DA33234D3BCF00B95535 /* PBXTargetDependency */ = {
			isa = PBXTargetDependency;
			target = 2937DA1A234D3BCE00B95535 /* Herby */;
			targetProxy = 2937DA32234D3BCF00B95535 /* PBXContainerItemProxy */;
		};
		2937DA3E234D3BCF00B95535 /* PBXTargetDependency */ = {
			isa = PBXTargetDependency;
			target = 2937DA1A234D3BCE00B95535 /* Herby */;
			targetProxy = 2937DA3D234D3BCF00B95535 /* PBXContainerItemProxy */;
		};
/* End PBXTargetDependency section */

/* Begin PBXVariantGroup section */
		2937DA24234D3BCE00B95535 /* Main.storyboard */ = {
			isa = PBXVariantGroup;
			children = (
				2937DA25234D3BCE00B95535 /* Base */,
			);
			name = Main.storyboard;
			sourceTree = "<group>";
		};
		2937DA29234D3BCF00B95535 /* LaunchScreen.storyboard */ = {
			isa = PBXVariantGroup;
			children = (
				2937DA2A234D3BCF00B95535 /* Base */,
			);
			name = LaunchScreen.storyboard;
			sourceTree = "<group>";
		};
/* End PBXVariantGroup section */

/* Begin XCBuildConfiguration section */
		2937DA43234D3BCF00B95535 /* Debug */ = {
			isa = XCBuildConfiguration;
			buildSettings = {
				ALWAYS_EMBED_SWIFT_STANDARD_LIBRARIES = "$(inherited)";
				ALWAYS_SEARCH_USER_PATHS = NO;
				CLANG_ANALYZER_NONNULL = YES;
				CLANG_ANALYZER_NUMBER_OBJECT_CONVERSION = YES_AGGRESSIVE;
				CLANG_CXX_LANGUAGE_STANDARD = "gnu++14";
				CLANG_CXX_LIBRARY = "libc++";
				CLANG_ENABLE_MODULES = YES;
				CLANG_ENABLE_OBJC_ARC = YES;
				CLANG_ENABLE_OBJC_WEAK = YES;
				CLANG_WARN_BLOCK_CAPTURE_AUTORELEASING = YES;
				CLANG_WARN_BOOL_CONVERSION = YES;
				CLANG_WARN_COMMA = YES;
				CLANG_WARN_CONSTANT_CONVERSION = YES;
				CLANG_WARN_DEPRECATED_OBJC_IMPLEMENTATIONS = YES;
				CLANG_WARN_DIRECT_OBJC_ISA_USAGE = YES_ERROR;
				CLANG_WARN_DOCUMENTATION_COMMENTS = YES;
				CLANG_WARN_EMPTY_BODY = YES;
				CLANG_WARN_ENUM_CONVERSION = YES;
				CLANG_WARN_INFINITE_RECURSION = YES;
				CLANG_WARN_INT_CONVERSION = YES;
				CLANG_WARN_NON_LITERAL_NULL_CONVERSION = YES;
				CLANG_WARN_OBJC_IMPLICIT_RETAIN_SELF = YES;
				CLANG_WARN_OBJC_LITERAL_CONVERSION = YES;
				CLANG_WARN_OBJC_ROOT_CLASS = YES_ERROR;
				CLANG_WARN_RANGE_LOOP_ANALYSIS = YES;
				CLANG_WARN_STRICT_PROTOTYPES = YES;
				CLANG_WARN_SUSPICIOUS_MOVE = YES;
				CLANG_WARN_UNGUARDED_AVAILABILITY = YES_AGGRESSIVE;
				CLANG_WARN_UNREACHABLE_CODE = YES;
				CLANG_WARN__DUPLICATE_METHOD_MATCH = YES;
				COPY_PHASE_STRIP = NO;
				DEBUG_INFORMATION_FORMAT = dwarf;
				ENABLE_STRICT_OBJC_MSGSEND = YES;
				ENABLE_TESTABILITY = YES;
				GCC_C_LANGUAGE_STANDARD = gnu11;
				GCC_DYNAMIC_NO_PIC = NO;
				GCC_NO_COMMON_BLOCKS = YES;
				GCC_OPTIMIZATION_LEVEL = 0;
				GCC_PREPROCESSOR_DEFINITIONS = (
					"DEBUG=1",
					"$(inherited)",
				);
				GCC_WARN_64_TO_32_BIT_CONVERSION = YES;
				GCC_WARN_ABOUT_RETURN_TYPE = YES_ERROR;
				GCC_WARN_UNDECLARED_SELECTOR = YES;
				GCC_WARN_UNINITIALIZED_AUTOS = YES_AGGRESSIVE;
				GCC_WARN_UNUSED_FUNCTION = YES;
				GCC_WARN_UNUSED_VARIABLE = YES;
				IPHONEOS_DEPLOYMENT_TARGET = 13.0;
				MTL_ENABLE_DEBUG_INFO = INCLUDE_SOURCE;
				MTL_FAST_MATH = YES;
				ONLY_ACTIVE_ARCH = YES;
				OTHER_LDFLAGS = "$(inherited)";
				SDKROOT = iphoneos;
				SWIFT_ACTIVE_COMPILATION_CONDITIONS = DEBUG;
				SWIFT_OPTIMIZATION_LEVEL = "-Onone";
			};
			name = Debug;
		};
		2937DA44234D3BCF00B95535 /* Release */ = {
			isa = XCBuildConfiguration;
			buildSettings = {
				ALWAYS_EMBED_SWIFT_STANDARD_LIBRARIES = "$(inherited)";
				ALWAYS_SEARCH_USER_PATHS = NO;
				CLANG_ANALYZER_NONNULL = YES;
				CLANG_ANALYZER_NUMBER_OBJECT_CONVERSION = YES_AGGRESSIVE;
				CLANG_CXX_LANGUAGE_STANDARD = "gnu++14";
				CLANG_CXX_LIBRARY = "libc++";
				CLANG_ENABLE_MODULES = YES;
				CLANG_ENABLE_OBJC_ARC = YES;
				CLANG_ENABLE_OBJC_WEAK = YES;
				CLANG_WARN_BLOCK_CAPTURE_AUTORELEASING = YES;
				CLANG_WARN_BOOL_CONVERSION = YES;
				CLANG_WARN_COMMA = YES;
				CLANG_WARN_CONSTANT_CONVERSION = YES;
				CLANG_WARN_DEPRECATED_OBJC_IMPLEMENTATIONS = YES;
				CLANG_WARN_DIRECT_OBJC_ISA_USAGE = YES_ERROR;
				CLANG_WARN_DOCUMENTATION_COMMENTS = YES;
				CLANG_WARN_EMPTY_BODY = YES;
				CLANG_WARN_ENUM_CONVERSION = YES;
				CLANG_WARN_INFINITE_RECURSION = YES;
				CLANG_WARN_INT_CONVERSION = YES;
				CLANG_WARN_NON_LITERAL_NULL_CONVERSION = YES;
				CLANG_WARN_OBJC_IMPLICIT_RETAIN_SELF = YES;
				CLANG_WARN_OBJC_LITERAL_CONVERSION = YES;
				CLANG_WARN_OBJC_ROOT_CLASS = YES_ERROR;
				CLANG_WARN_RANGE_LOOP_ANALYSIS = YES;
				CLANG_WARN_STRICT_PROTOTYPES = YES;
				CLANG_WARN_SUSPICIOUS_MOVE = YES;
				CLANG_WARN_UNGUARDED_AVAILABILITY = YES_AGGRESSIVE;
				CLANG_WARN_UNREACHABLE_CODE = YES;
				CLANG_WARN__DUPLICATE_METHOD_MATCH = YES;
				COPY_PHASE_STRIP = NO;
				DEBUG_INFORMATION_FORMAT = "dwarf-with-dsym";
				ENABLE_NS_ASSERTIONS = NO;
				ENABLE_STRICT_OBJC_MSGSEND = YES;
				GCC_C_LANGUAGE_STANDARD = gnu11;
				GCC_NO_COMMON_BLOCKS = YES;
				GCC_WARN_64_TO_32_BIT_CONVERSION = YES;
				GCC_WARN_ABOUT_RETURN_TYPE = YES_ERROR;
				GCC_WARN_UNDECLARED_SELECTOR = YES;
				GCC_WARN_UNINITIALIZED_AUTOS = YES_AGGRESSIVE;
				GCC_WARN_UNUSED_FUNCTION = YES;
				GCC_WARN_UNUSED_VARIABLE = YES;
				IPHONEOS_DEPLOYMENT_TARGET = 13.0;
				MTL_ENABLE_DEBUG_INFO = NO;
				MTL_FAST_MATH = YES;
				OTHER_LDFLAGS = "$(inherited)";
				SDKROOT = iphoneos;
				SWIFT_COMPILATION_MODE = wholemodule;
				SWIFT_OPTIMIZATION_LEVEL = "-O";
				VALIDATE_PRODUCT = YES;
			};
			name = Release;
		};
		2937DA46234D3BCF00B95535 /* Debug */ = {
			isa = XCBuildConfiguration;
			baseConfigurationReference = 8283E0A7EA1D01F017B30616 /* Pods-Herby.debug.xcconfig */;
			buildSettings = {
				ALWAYS_EMBED_SWIFT_STANDARD_LIBRARIES = "$(inherated)";
				ASSETCATALOG_COMPILER_APPICON_NAME = AppIcon;
				CODE_SIGN_STYLE = Automatic;
				INFOPLIST_FILE = Herby/Info.plist;
				IPHONEOS_DEPLOYMENT_TARGET = 10.0;
				LD_RUNPATH_SEARCH_PATHS = (
					"$(inherited)",
					"@executable_path/Frameworks",
				);
				PRODUCT_BUNDLE_IDENTIFIER = com.amith.essex.Herby;
				PRODUCT_NAME = "$(TARGET_NAME)";
				SWIFT_VERSION = 5.0;
				TARGETED_DEVICE_FAMILY = 1;
			};
			name = Debug;
		};
		2937DA47234D3BCF00B95535 /* Release */ = {
			isa = XCBuildConfiguration;
			baseConfigurationReference = 42AB14FF27FD81DE7DAE27B9 /* Pods-Herby.release.xcconfig */;
			buildSettings = {
				ALWAYS_EMBED_SWIFT_STANDARD_LIBRARIES = "$(inherated)";
				ASSETCATALOG_COMPILER_APPICON_NAME = AppIcon;
				CODE_SIGN_STYLE = Automatic;
				INFOPLIST_FILE = Herby/Info.plist;
				IPHONEOS_DEPLOYMENT_TARGET = 10.0;
				LD_RUNPATH_SEARCH_PATHS = (
					"$(inherited)",
					"@executable_path/Frameworks",
				);
				PRODUCT_BUNDLE_IDENTIFIER = com.amith.essex.Herby;
				PRODUCT_NAME = "$(TARGET_NAME)";
				SWIFT_VERSION = 5.0;
				TARGETED_DEVICE_FAMILY = 1;
			};
			name = Release;
		};
		2937DA49234D3BCF00B95535 /* Debug */ = {
			isa = XCBuildConfiguration;
			baseConfigurationReference = 996A79DB9B7A0B4AA8FD903F /* Pods-Herby-HerbyTests.debug.xcconfig */;
			buildSettings = {
				ALWAYS_EMBED_SWIFT_STANDARD_LIBRARIES = NO;
				BUNDLE_LOADER = "$(TEST_HOST)";
				CODE_SIGN_STYLE = Automatic;
				INFOPLIST_FILE = HerbyTests/Info.plist;
				IPHONEOS_DEPLOYMENT_TARGET = 13.0;
				LD_RUNPATH_SEARCH_PATHS = (
					"$(inherited)",
					"@executable_path/Frameworks",
					"@loader_path/Frameworks",
				);
				PRODUCT_BUNDLE_IDENTIFIER = com.amith.essex.HerbyTests;
				PRODUCT_NAME = "$(TARGET_NAME)";
				SWIFT_VERSION = 5.0;
				TARGETED_DEVICE_FAMILY = "1,2";
				TEST_HOST = "$(BUILT_PRODUCTS_DIR)/Herby.app/Herby";
			};
			name = Debug;
		};
		2937DA4A234D3BCF00B95535 /* Release */ = {
			isa = XCBuildConfiguration;
			baseConfigurationReference = F01BF9F8F09A464514596A9D /* Pods-Herby-HerbyTests.release.xcconfig */;
			buildSettings = {
				ALWAYS_EMBED_SWIFT_STANDARD_LIBRARIES = NO;
				BUNDLE_LOADER = "$(TEST_HOST)";
				CODE_SIGN_STYLE = Automatic;
				INFOPLIST_FILE = HerbyTests/Info.plist;
				IPHONEOS_DEPLOYMENT_TARGET = 13.0;
				LD_RUNPATH_SEARCH_PATHS = (
					"$(inherited)",
					"@executable_path/Frameworks",
					"@loader_path/Frameworks",
				);
				PRODUCT_BUNDLE_IDENTIFIER = com.amith.essex.HerbyTests;
				PRODUCT_NAME = "$(TARGET_NAME)";
				SWIFT_VERSION = 5.0;
				TARGETED_DEVICE_FAMILY = "1,2";
				TEST_HOST = "$(BUILT_PRODUCTS_DIR)/Herby.app/Herby";
			};
			name = Release;
		};
		2937DA4C234D3BCF00B95535 /* Debug */ = {
			isa = XCBuildConfiguration;
			buildSettings = {
				ALWAYS_EMBED_SWIFT_STANDARD_LIBRARIES = NO;
				CODE_SIGN_STYLE = Automatic;
				INFOPLIST_FILE = HerbyUITests/Info.plist;
				LD_RUNPATH_SEARCH_PATHS = (
					"$(inherited)",
					"@executable_path/Frameworks",
					"@loader_path/Frameworks",
				);
				PRODUCT_BUNDLE_IDENTIFIER = com.amith.essex.HerbyUITests;
				PRODUCT_NAME = "$(TARGET_NAME)";
				SWIFT_VERSION = 5.0;
				TARGETED_DEVICE_FAMILY = "1,2";
				TEST_TARGET_NAME = Herby;
			};
			name = Debug;
		};
		2937DA4D234D3BCF00B95535 /* Release */ = {
			isa = XCBuildConfiguration;
			buildSettings = {
				ALWAYS_EMBED_SWIFT_STANDARD_LIBRARIES = NO;
				CODE_SIGN_STYLE = Automatic;
				INFOPLIST_FILE = HerbyUITests/Info.plist;
				LD_RUNPATH_SEARCH_PATHS = (
					"$(inherited)",
					"@executable_path/Frameworks",
					"@loader_path/Frameworks",
				);
				PRODUCT_BUNDLE_IDENTIFIER = com.amith.essex.HerbyUITests;
				PRODUCT_NAME = "$(TARGET_NAME)";
				SWIFT_VERSION = 5.0;
				TARGETED_DEVICE_FAMILY = "1,2";
				TEST_TARGET_NAME = Herby;
			};
			name = Release;
		};
/* End XCBuildConfiguration section */

/* Begin XCConfigurationList section */
		2937DA16234D3BCE00B95535 /* Build configuration list for PBXProject "Herby" */ = {
			isa = XCConfigurationList;
			buildConfigurations = (
				2937DA43234D3BCF00B95535 /* Debug */,
				2937DA44234D3BCF00B95535 /* Release */,
			);
			defaultConfigurationIsVisible = 0;
			defaultConfigurationName = Release;
		};
		2937DA45234D3BCF00B95535 /* Build configuration list for PBXNativeTarget "Herby" */ = {
			isa = XCConfigurationList;
			buildConfigurations = (
				2937DA46234D3BCF00B95535 /* Debug */,
				2937DA47234D3BCF00B95535 /* Release */,
			);
			defaultConfigurationIsVisible = 0;
			defaultConfigurationName = Release;
		};
		2937DA48234D3BCF00B95535 /* Build configuration list for PBXNativeTarget "HerbyTests" */ = {
			isa = XCConfigurationList;
			buildConfigurations = (
				2937DA49234D3BCF00B95535 /* Debug */,
				2937DA4A234D3BCF00B95535 /* Release */,
			);
			defaultConfigurationIsVisible = 0;
			defaultConfigurationName = Release;
		};
		2937DA4B234D3BCF00B95535 /* Build configuration list for PBXNativeTarget "HerbyUITests" */ = {
			isa = XCConfigurationList;
			buildConfigurations = (
				2937DA4C234D3BCF00B95535 /* Debug */,
				2937DA4D234D3BCF00B95535 /* Release */,
			);
			defaultConfigurationIsVisible = 0;
			defaultConfigurationName = Release;
		};
/* End XCConfigurationList section */

/* Begin XCVersionGroup section */
		293F4A63234FC74900ADB105 /* InventoryListModel.xcdatamodeld */ = {
			isa = XCVersionGroup;
			children = (
				293F4A64234FC74900ADB105 /* InventoryListModel.xcdatamodel */,
			);
			currentVersion = 293F4A64234FC74900ADB105 /* InventoryListModel.xcdatamodel */;
			path = InventoryListModel.xcdatamodeld;
			sourceTree = "<group>";
			versionGroupType = wrapper.xcdatamodel;
		};
/* End XCVersionGroup section */
	};
	rootObject = 2937DA13234D3BCE00B95535 /* Project object */;
}
