// !$*UTF8*$!
{
	archiveVersion = 1;
	classes = {
	};
	objectVersion = 50;
	objects = {

/* Begin PBXBuildFile section */
		29113A39234D2500008E6692 /* AppDelegate.swift in Sources */ = {isa = PBXBuildFile; fileRef = 29113A38234D2500008E6692 /* AppDelegate.swift */; };
		29113A3B234D2500008E6692 /* SceneDelegate.swift in Sources */ = {isa = PBXBuildFile; fileRef = 29113A3A234D2500008E6692 /* SceneDelegate.swift */; };
		29113A3D234D2500008E6692 /* ViewController.swift in Sources */ = {isa = PBXBuildFile; fileRef = 29113A3C234D2500008E6692 /* ViewController.swift */; };
		29113A40234D2500008E6692 /* Main.storyboard in Resources */ = {isa = PBXBuildFile; fileRef = 29113A3E234D2500008E6692 /* Main.storyboard */; };
		29113A42234D2501008E6692 /* Assets.xcassets in Resources */ = {isa = PBXBuildFile; fileRef = 29113A41234D2501008E6692 /* Assets.xcassets */; };
		29113A45234D2501008E6692 /* LaunchScreen.storyboard in Resources */ = {isa = PBXBuildFile; fileRef = 29113A43234D2501008E6692 /* LaunchScreen.storyboard */; };
		29113A50234D2501008E6692 /* HerbyTests.swift in Sources */ = {isa = PBXBuildFile; fileRef = 29113A4F234D2501008E6692 /* HerbyTests.swift */; };
		29113A5B234D2501008E6692 /* HerbyUITests.swift in Sources */ = {isa = PBXBuildFile; fileRef = 29113A5A234D2501008E6692 /* HerbyUITests.swift */; };
/* End PBXBuildFile section */

/* Begin PBXContainerItemProxy section */
		29113A4C234D2501008E6692 /* PBXContainerItemProxy */ = {
			isa = PBXContainerItemProxy;
			containerPortal = 29113A2D234D2500008E6692 /* Project object */;
			proxyType = 1;
			remoteGlobalIDString = 29113A34234D2500008E6692;
			remoteInfo = Herby;
		};
		29113A57234D2501008E6692 /* PBXContainerItemProxy */ = {
			isa = PBXContainerItemProxy;
			containerPortal = 29113A2D234D2500008E6692 /* Project object */;
			proxyType = 1;
			remoteGlobalIDString = 29113A34234D2500008E6692;
			remoteInfo = Herby;
		};
/* End PBXContainerItemProxy section */

/* Begin PBXFileReference section */
		29113A35234D2500008E6692 /* Herby.app */ = {isa = PBXFileReference; explicitFileType = wrapper.application; includeInIndex = 0; path = Herby.app; sourceTree = BUILT_PRODUCTS_DIR; };
		29113A38234D2500008E6692 /* AppDelegate.swift */ = {isa = PBXFileReference; lastKnownFileType = sourcecode.swift; path = AppDelegate.swift; sourceTree = "<group>"; };
		29113A3A234D2500008E6692 /* SceneDelegate.swift */ = {isa = PBXFileReference; lastKnownFileType = sourcecode.swift; path = SceneDelegate.swift; sourceTree = "<group>"; };
		29113A3C234D2500008E6692 /* ViewController.swift */ = {isa = PBXFileReference; lastKnownFileType = sourcecode.swift; path = ViewController.swift; sourceTree = "<group>"; };
		29113A3F234D2500008E6692 /* Base */ = {isa = PBXFileReference; lastKnownFileType = file.storyboard; name = Base; path = Base.lproj/Main.storyboard; sourceTree = "<group>"; };
		29113A41234D2501008E6692 /* Assets.xcassets */ = {isa = PBXFileReference; lastKnownFileType = folder.assetcatalog; path = Assets.xcassets; sourceTree = "<group>"; };
		29113A44234D2501008E6692 /* Base */ = {isa = PBXFileReference; lastKnownFileType = file.storyboard; name = Base; path = Base.lproj/LaunchScreen.storyboard; sourceTree = "<group>"; };
		29113A46234D2501008E6692 /* Info.plist */ = {isa = PBXFileReference; lastKnownFileType = text.plist.xml; path = Info.plist; sourceTree = "<group>"; };
		29113A4B234D2501008E6692 /* HerbyTests.xctest */ = {isa = PBXFileReference; explicitFileType = wrapper.cfbundle; includeInIndex = 0; path = HerbyTests.xctest; sourceTree = BUILT_PRODUCTS_DIR; };
		29113A4F234D2501008E6692 /* HerbyTests.swift */ = {isa = PBXFileReference; lastKnownFileType = sourcecode.swift; path = HerbyTests.swift; sourceTree = "<group>"; };
		29113A51234D2501008E6692 /* Info.plist */ = {isa = PBXFileReference; lastKnownFileType = text.plist.xml; path = Info.plist; sourceTree = "<group>"; };
		29113A56234D2501008E6692 /* HerbyUITests.xctest */ = {isa = PBXFileReference; explicitFileType = wrapper.cfbundle; includeInIndex = 0; path = HerbyUITests.xctest; sourceTree = BUILT_PRODUCTS_DIR; };
		29113A5A234D2501008E6692 /* HerbyUITests.swift */ = {isa = PBXFileReference; lastKnownFileType = sourcecode.swift; path = HerbyUITests.swift; sourceTree = "<group>"; };
		29113A5C234D2501008E6692 /* Info.plist */ = {isa = PBXFileReference; lastKnownFileType = text.plist.xml; path = Info.plist; sourceTree = "<group>"; };
/* End PBXFileReference section */

/* Begin PBXFrameworksBuildPhase section */
		29113A32234D2500008E6692 /* Frameworks */ = {
			isa = PBXFrameworksBuildPhase;
			buildActionMask = 2147483647;
			files = (
			);
			runOnlyForDeploymentPostprocessing = 0;
		};
		29113A48234D2501008E6692 /* Frameworks */ = {
			isa = PBXFrameworksBuildPhase;
			buildActionMask = 2147483647;
			files = (
			);
			runOnlyForDeploymentPostprocessing = 0;
		};
		29113A53234D2501008E6692 /* Frameworks */ = {
			isa = PBXFrameworksBuildPhase;
			buildActionMask = 2147483647;
			files = (
			);
			runOnlyForDeploymentPostprocessing = 0;
		};
/* End PBXFrameworksBuildPhase section */

/* Begin PBXGroup section */
		29113A2C234D2500008E6692 = {
			isa = PBXGroup;
			children = (
				29113A37234D2500008E6692 /* Herby */,
				29113A4E234D2501008E6692 /* HerbyTests */,
				29113A59234D2501008E6692 /* HerbyUITests */,
				29113A36234D2500008E6692 /* Products */,
			);
			sourceTree = "<group>";
		};
		29113A36234D2500008E6692 /* Products */ = {
			isa = PBXGroup;
			children = (
				29113A35234D2500008E6692 /* Herby.app */,
				29113A4B234D2501008E6692 /* HerbyTests.xctest */,
				29113A56234D2501008E6692 /* HerbyUITests.xctest */,
			);
			name = Products;
			sourceTree = "<group>";
		};
		29113A37234D2500008E6692 /* Herby */ = {
			isa = PBXGroup;
			children = (
				29113A38234D2500008E6692 /* AppDelegate.swift */,
				29113A3A234D2500008E6692 /* SceneDelegate.swift */,
				29113A3C234D2500008E6692 /* ViewController.swift */,
				29113A3E234D2500008E6692 /* Main.storyboard */,
				29113A41234D2501008E6692 /* Assets.xcassets */,
				29113A43234D2501008E6692 /* LaunchScreen.storyboard */,
				29113A46234D2501008E6692 /* Info.plist */,
			);
			path = Herby;
			sourceTree = "<group>";
		};
		29113A4E234D2501008E6692 /* HerbyTests */ = {
			isa = PBXGroup;
			children = (
				29113A4F234D2501008E6692 /* HerbyTests.swift */,
				29113A51234D2501008E6692 /* Info.plist */,
			);
			path = HerbyTests;
			sourceTree = "<group>";
		};
		29113A59234D2501008E6692 /* HerbyUITests */ = {
			isa = PBXGroup;
			children = (
				29113A5A234D2501008E6692 /* HerbyUITests.swift */,
				29113A5C234D2501008E6692 /* Info.plist */,
			);
			path = HerbyUITests;
			sourceTree = "<group>";
		};
/* End PBXGroup section */

/* Begin PBXNativeTarget section */
		29113A34234D2500008E6692 /* Herby */ = {
			isa = PBXNativeTarget;
			buildConfigurationList = 29113A5F234D2501008E6692 /* Build configuration list for PBXNativeTarget "Herby" */;
			buildPhases = (
				29113A31234D2500008E6692 /* Sources */,
				29113A32234D2500008E6692 /* Frameworks */,
				29113A33234D2500008E6692 /* Resources */,
			);
			buildRules = (
			);
			dependencies = (
			);
			name = Herby;
			productName = Herby;
			productReference = 29113A35234D2500008E6692 /* Herby.app */;
			productType = "com.apple.product-type.application";
		};
		29113A4A234D2501008E6692 /* HerbyTests */ = {
			isa = PBXNativeTarget;
			buildConfigurationList = 29113A62234D2501008E6692 /* Build configuration list for PBXNativeTarget "HerbyTests" */;
			buildPhases = (
				29113A47234D2501008E6692 /* Sources */,
				29113A48234D2501008E6692 /* Frameworks */,
				29113A49234D2501008E6692 /* Resources */,
			);
			buildRules = (
			);
			dependencies = (
				29113A4D234D2501008E6692 /* PBXTargetDependency */,
			);
			name = HerbyTests;
			productName = HerbyTests;
			productReference = 29113A4B234D2501008E6692 /* HerbyTests.xctest */;
			productType = "com.apple.product-type.bundle.unit-test";
		};
		29113A55234D2501008E6692 /* HerbyUITests */ = {
			isa = PBXNativeTarget;
			buildConfigurationList = 29113A65234D2501008E6692 /* Build configuration list for PBXNativeTarget "HerbyUITests" */;
			buildPhases = (
				29113A52234D2501008E6692 /* Sources */,
				29113A53234D2501008E6692 /* Frameworks */,
				29113A54234D2501008E6692 /* Resources */,
			);
			buildRules = (
			);
			dependencies = (
				29113A58234D2501008E6692 /* PBXTargetDependency */,
			);
			name = HerbyUITests;
			productName = HerbyUITests;
			productReference = 29113A56234D2501008E6692 /* HerbyUITests.xctest */;
			productType = "com.apple.product-type.bundle.ui-testing";
		};
/* End PBXNativeTarget section */

/* Begin PBXProject section */
		29113A2D234D2500008E6692 /* Project object */ = {
			isa = PBXProject;
			attributes = {
				LastSwiftUpdateCheck = 1100;
				LastUpgradeCheck = 1100;
				ORGANIZATIONNAME = Amith;
				TargetAttributes = {
					29113A34234D2500008E6692 = {
						CreatedOnToolsVersion = 11.0;
					};
					29113A4A234D2501008E6692 = {
						CreatedOnToolsVersion = 11.0;
						TestTargetID = 29113A34234D2500008E6692;
					};
					29113A55234D2501008E6692 = {
						CreatedOnToolsVersion = 11.0;
						TestTargetID = 29113A34234D2500008E6692;
					};
				};
			};
			buildConfigurationList = 29113A30234D2500008E6692 /* Build configuration list for PBXProject "Herby" */;
			compatibilityVersion = "Xcode 9.3";
			developmentRegion = en;
			hasScannedForEncodings = 0;
			knownRegions = (
				en,
				Base,
			);
			mainGroup = 29113A2C234D2500008E6692;
			productRefGroup = 29113A36234D2500008E6692 /* Products */;
			projectDirPath = "";
			projectRoot = "";
			targets = (
				29113A34234D2500008E6692 /* Herby */,
				29113A4A234D2501008E6692 /* HerbyTests */,
				29113A55234D2501008E6692 /* HerbyUITests */,
			);
		};
/* End PBXProject section */

/* Begin PBXResourcesBuildPhase section */
		29113A33234D2500008E6692 /* Resources */ = {
			isa = PBXResourcesBuildPhase;
			buildActionMask = 2147483647;
			files = (
				29113A45234D2501008E6692 /* LaunchScreen.storyboard in Resources */,
				29113A42234D2501008E6692 /* Assets.xcassets in Resources */,
				29113A40234D2500008E6692 /* Main.storyboard in Resources */,
			);
			runOnlyForDeploymentPostprocessing = 0;
		};
		29113A49234D2501008E6692 /* Resources */ = {
			isa = PBXResourcesBuildPhase;
			buildActionMask = 2147483647;
			files = (
			);
			runOnlyForDeploymentPostprocessing = 0;
		};
		29113A54234D2501008E6692 /* Resources */ = {
			isa = PBXResourcesBuildPhase;
			buildActionMask = 2147483647;
			files = (
			);
			runOnlyForDeploymentPostprocessing = 0;
		};
/* End PBXResourcesBuildPhase section */

/* Begin PBXSourcesBuildPhase section */
		29113A31234D2500008E6692 /* Sources */ = {
			isa = PBXSourcesBuildPhase;
			buildActionMask = 2147483647;
			files = (
				29113A3D234D2500008E6692 /* ViewController.swift in Sources */,
				29113A39234D2500008E6692 /* AppDelegate.swift in Sources */,
				29113A3B234D2500008E6692 /* SceneDelegate.swift in Sources */,
			);
			runOnlyForDeploymentPostprocessing = 0;
		};
		29113A47234D2501008E6692 /* Sources */ = {
			isa = PBXSourcesBuildPhase;
			buildActionMask = 2147483647;
			files = (
				29113A50234D2501008E6692 /* HerbyTests.swift in Sources */,
			);
			runOnlyForDeploymentPostprocessing = 0;
		};
		29113A52234D2501008E6692 /* Sources */ = {
			isa = PBXSourcesBuildPhase;
			buildActionMask = 2147483647;
			files = (
				29113A5B234D2501008E6692 /* HerbyUITests.swift in Sources */,
			);
			runOnlyForDeploymentPostprocessing = 0;
		};
/* End PBXSourcesBuildPhase section */

/* Begin PBXTargetDependency section */
		29113A4D234D2501008E6692 /* PBXTargetDependency */ = {
			isa = PBXTargetDependency;
			target = 29113A34234D2500008E6692 /* Herby */;
			targetProxy = 29113A4C234D2501008E6692 /* PBXContainerItemProxy */;
		};
		29113A58234D2501008E6692 /* PBXTargetDependency */ = {
			isa = PBXTargetDependency;
			target = 29113A34234D2500008E6692 /* Herby */;
			targetProxy = 29113A57234D2501008E6692 /* PBXContainerItemProxy */;
		};
/* End PBXTargetDependency section */

/* Begin PBXVariantGroup section */
		29113A3E234D2500008E6692 /* Main.storyboard */ = {
			isa = PBXVariantGroup;
			children = (
				29113A3F234D2500008E6692 /* Base */,
			);
			name = Main.storyboard;
			sourceTree = "<group>";
		};
		29113A43234D2501008E6692 /* LaunchScreen.storyboard */ = {
			isa = PBXVariantGroup;
			children = (
				29113A44234D2501008E6692 /* Base */,
			);
			name = LaunchScreen.storyboard;
			sourceTree = "<group>";
		};
/* End PBXVariantGroup section */

/* Begin XCBuildConfiguration section */
		29113A5D234D2501008E6692 /* Debug */ = {
			isa = XCBuildConfiguration;
			buildSettings = {
				ALWAYS_SEARCH_USER_PATHS = NO;
				CLANG_ANALYZER_NONNULL = YES;
				CLANG_ANALYZER_NUMBER_OBJECT_CONVERSION = YES_AGGRESSIVE;
				CLANG_CXX_LANGUAGE_STANDARD = "gnu++14";
				CLANG_CXX_LIBRARY = "libc++";
				CLANG_ENABLE_MODULES = YES;
				CLANG_ENABLE_OBJC_ARC = YES;
				CLANG_ENABLE_OBJC_WEAK = YES;
				CLANG_WARN_BLOCK_CAPTURE_AUTORELEASING = YES;
				CLANG_WARN_BOOL_CONVERSION = YES;
				CLANG_WARN_COMMA = YES;
				CLANG_WARN_CONSTANT_CONVERSION = YES;
				CLANG_WARN_DEPRECATED_OBJC_IMPLEMENTATIONS = YES;
				CLANG_WARN_DIRECT_OBJC_ISA_USAGE = YES_ERROR;
				CLANG_WARN_DOCUMENTATION_COMMENTS = YES;
				CLANG_WARN_EMPTY_BODY = YES;
				CLANG_WARN_ENUM_CONVERSION = YES;
				CLANG_WARN_INFINITE_RECURSION = YES;
				CLANG_WARN_INT_CONVERSION = YES;
				CLANG_WARN_NON_LITERAL_NULL_CONVERSION = YES;
				CLANG_WARN_OBJC_IMPLICIT_RETAIN_SELF = YES;
				CLANG_WARN_OBJC_LITERAL_CONVERSION = YES;
				CLANG_WARN_OBJC_ROOT_CLASS = YES_ERROR;
				CLANG_WARN_RANGE_LOOP_ANALYSIS = YES;
				CLANG_WARN_STRICT_PROTOTYPES = YES;
				CLANG_WARN_SUSPICIOUS_MOVE = YES;
				CLANG_WARN_UNGUARDED_AVAILABILITY = YES_AGGRESSIVE;
				CLANG_WARN_UNREACHABLE_CODE = YES;
				CLANG_WARN__DUPLICATE_METHOD_MATCH = YES;
				COPY_PHASE_STRIP = NO;
				DEBUG_INFORMATION_FORMAT = dwarf;
				ENABLE_STRICT_OBJC_MSGSEND = YES;
				ENABLE_TESTABILITY = YES;
				GCC_C_LANGUAGE_STANDARD = gnu11;
				GCC_DYNAMIC_NO_PIC = NO;
				GCC_NO_COMMON_BLOCKS = YES;
				GCC_OPTIMIZATION_LEVEL = 0;
				GCC_PREPROCESSOR_DEFINITIONS = (
					"DEBUG=1",
					"$(inherited)",
				);
				GCC_WARN_64_TO_32_BIT_CONVERSION = YES;
				GCC_WARN_ABOUT_RETURN_TYPE = YES_ERROR;
				GCC_WARN_UNDECLARED_SELECTOR = YES;
				GCC_WARN_UNINITIALIZED_AUTOS = YES_AGGRESSIVE;
				GCC_WARN_UNUSED_FUNCTION = YES;
				GCC_WARN_UNUSED_VARIABLE = YES;
				IPHONEOS_DEPLOYMENT_TARGET = 13.0;
				MTL_ENABLE_DEBUG_INFO = INCLUDE_SOURCE;
				MTL_FAST_MATH = YES;
				ONLY_ACTIVE_ARCH = YES;
				SDKROOT = iphoneos;
				SWIFT_ACTIVE_COMPILATION_CONDITIONS = DEBUG;
				SWIFT_OPTIMIZATION_LEVEL = "-Onone";
			};
			name = Debug;
		};
		29113A5E234D2501008E6692 /* Release */ = {
			isa = XCBuildConfiguration;
			buildSettings = {
				ALWAYS_SEARCH_USER_PATHS = NO;
				CLANG_ANALYZER_NONNULL = YES;
				CLANG_ANALYZER_NUMBER_OBJECT_CONVERSION = YES_AGGRESSIVE;
				CLANG_CXX_LANGUAGE_STANDARD = "gnu++14";
				CLANG_CXX_LIBRARY = "libc++";
				CLANG_ENABLE_MODULES = YES;
				CLANG_ENABLE_OBJC_ARC = YES;
				CLANG_ENABLE_OBJC_WEAK = YES;
				CLANG_WARN_BLOCK_CAPTURE_AUTORELEASING = YES;
				CLANG_WARN_BOOL_CONVERSION = YES;
				CLANG_WARN_COMMA = YES;
				CLANG_WARN_CONSTANT_CONVERSION = YES;
				CLANG_WARN_DEPRECATED_OBJC_IMPLEMENTATIONS = YES;
				CLANG_WARN_DIRECT_OBJC_ISA_USAGE = YES_ERROR;
				CLANG_WARN_DOCUMENTATION_COMMENTS = YES;
				CLANG_WARN_EMPTY_BODY = YES;
				CLANG_WARN_ENUM_CONVERSION = YES;
				CLANG_WARN_INFINITE_RECURSION = YES;
				CLANG_WARN_INT_CONVERSION = YES;
				CLANG_WARN_NON_LITERAL_NULL_CONVERSION = YES;
				CLANG_WARN_OBJC_IMPLICIT_RETAIN_SELF = YES;
				CLANG_WARN_OBJC_LITERAL_CONVERSION = YES;
				CLANG_WARN_OBJC_ROOT_CLASS = YES_ERROR;
				CLANG_WARN_RANGE_LOOP_ANALYSIS = YES;
				CLANG_WARN_STRICT_PROTOTYPES = YES;
				CLANG_WARN_SUSPICIOUS_MOVE = YES;
				CLANG_WARN_UNGUARDED_AVAILABILITY = YES_AGGRESSIVE;
				CLANG_WARN_UNREACHABLE_CODE = YES;
				CLANG_WARN__DUPLICATE_METHOD_MATCH = YES;
				COPY_PHASE_STRIP = NO;
				DEBUG_INFORMATION_FORMAT = "dwarf-with-dsym";
				ENABLE_NS_ASSERTIONS = NO;
				ENABLE_STRICT_OBJC_MSGSEND = YES;
				GCC_C_LANGUAGE_STANDARD = gnu11;
				GCC_NO_COMMON_BLOCKS = YES;
				GCC_WARN_64_TO_32_BIT_CONVERSION = YES;
				GCC_WARN_ABOUT_RETURN_TYPE = YES_ERROR;
				GCC_WARN_UNDECLARED_SELECTOR = YES;
				GCC_WARN_UNINITIALIZED_AUTOS = YES_AGGRESSIVE;
				GCC_WARN_UNUSED_FUNCTION = YES;
				GCC_WARN_UNUSED_VARIABLE = YES;
				IPHONEOS_DEPLOYMENT_TARGET = 13.0;
				MTL_ENABLE_DEBUG_INFO = NO;
				MTL_FAST_MATH = YES;
				SDKROOT = iphoneos;
				SWIFT_COMPILATION_MODE = wholemodule;
				SWIFT_OPTIMIZATION_LEVEL = "-O";
				VALIDATE_PRODUCT = YES;
			};
			name = Release;
		};
		29113A60234D2501008E6692 /* Debug */ = {
			isa = XCBuildConfiguration;
			buildSettings = {
				ASSETCATALOG_COMPILER_APPICON_NAME = AppIcon;
				CODE_SIGN_STYLE = Automatic;
				INFOPLIST_FILE = Herby/Info.plist;
				LD_RUNPATH_SEARCH_PATHS = (
					"$(inherited)",
					"@executable_path/Frameworks",
				);
				PRODUCT_BUNDLE_IDENTIFIER = com.amith.essex.Herby;
				PRODUCT_NAME = "$(TARGET_NAME)";
				SWIFT_VERSION = 5.0;
				TARGETED_DEVICE_FAMILY = "1,2";
			};
			name = Debug;
		};
		29113A61234D2501008E6692 /* Release */ = {
			isa = XCBuildConfiguration;
			buildSettings = {
				ASSETCATALOG_COMPILER_APPICON_NAME = AppIcon;
				CODE_SIGN_STYLE = Automatic;
				INFOPLIST_FILE = Herby/Info.plist;
				LD_RUNPATH_SEARCH_PATHS = (
					"$(inherited)",
					"@executable_path/Frameworks",
				);
				PRODUCT_BUNDLE_IDENTIFIER = com.amith.essex.Herby;
				PRODUCT_NAME = "$(TARGET_NAME)";
				SWIFT_VERSION = 5.0;
				TARGETED_DEVICE_FAMILY = "1,2";
			};
			name = Release;
		};
		29113A63234D2501008E6692 /* Debug */ = {
			isa = XCBuildConfiguration;
			buildSettings = {
				ALWAYS_EMBED_SWIFT_STANDARD_LIBRARIES = YES;
				BUNDLE_LOADER = "$(TEST_HOST)";
				CODE_SIGN_STYLE = Automatic;
				INFOPLIST_FILE = HerbyTests/Info.plist;
				IPHONEOS_DEPLOYMENT_TARGET = 13.0;
				LD_RUNPATH_SEARCH_PATHS = (
					"$(inherited)",
					"@executable_path/Frameworks",
					"@loader_path/Frameworks",
				);
				PRODUCT_BUNDLE_IDENTIFIER = com.amith.essex.HerbyTests;
				PRODUCT_NAME = "$(TARGET_NAME)";
				SWIFT_VERSION = 5.0;
				TARGETED_DEVICE_FAMILY = "1,2";
				TEST_HOST = "$(BUILT_PRODUCTS_DIR)/Herby.app/Herby";
			};
			name = Debug;
		};
		29113A64234D2501008E6692 /* Release */ = {
			isa = XCBuildConfiguration;
			buildSettings = {
				ALWAYS_EMBED_SWIFT_STANDARD_LIBRARIES = YES;
				BUNDLE_LOADER = "$(TEST_HOST)";
				CODE_SIGN_STYLE = Automatic;
				INFOPLIST_FILE = HerbyTests/Info.plist;
				IPHONEOS_DEPLOYMENT_TARGET = 13.0;
				LD_RUNPATH_SEARCH_PATHS = (
					"$(inherited)",
					"@executable_path/Frameworks",
					"@loader_path/Frameworks",
				);
				PRODUCT_BUNDLE_IDENTIFIER = com.amith.essex.HerbyTests;
				PRODUCT_NAME = "$(TARGET_NAME)";
				SWIFT_VERSION = 5.0;
				TARGETED_DEVICE_FAMILY = "1,2";
				TEST_HOST = "$(BUILT_PRODUCTS_DIR)/Herby.app/Herby";
			};
			name = Release;
		};
		29113A66234D2501008E6692 /* Debug */ = {
			isa = XCBuildConfiguration;
			buildSettings = {
				ALWAYS_EMBED_SWIFT_STANDARD_LIBRARIES = YES;
				CODE_SIGN_STYLE = Automatic;
				INFOPLIST_FILE = HerbyUITests/Info.plist;
				LD_RUNPATH_SEARCH_PATHS = (
					"$(inherited)",
					"@executable_path/Frameworks",
					"@loader_path/Frameworks",
				);
				PRODUCT_BUNDLE_IDENTIFIER = com.amith.essex.HerbyUITests;
				PRODUCT_NAME = "$(TARGET_NAME)";
				SWIFT_VERSION = 5.0;
				TARGETED_DEVICE_FAMILY = "1,2";
				TEST_TARGET_NAME = Herby;
			};
			name = Debug;
		};
		29113A67234D2501008E6692 /* Release */ = {
			isa = XCBuildConfiguration;
			buildSettings = {
				ALWAYS_EMBED_SWIFT_STANDARD_LIBRARIES = YES;
				CODE_SIGN_STYLE = Automatic;
				INFOPLIST_FILE = HerbyUITests/Info.plist;
				LD_RUNPATH_SEARCH_PATHS = (
					"$(inherited)",
					"@executable_path/Frameworks",
					"@loader_path/Frameworks",
				);
				PRODUCT_BUNDLE_IDENTIFIER = com.amith.essex.HerbyUITests;
				PRODUCT_NAME = "$(TARGET_NAME)";
				SWIFT_VERSION = 5.0;
				TARGETED_DEVICE_FAMILY = "1,2";
				TEST_TARGET_NAME = Herby;
			};
			name = Release;
		};
/* End XCBuildConfiguration section */

/* Begin XCConfigurationList section */
		29113A30234D2500008E6692 /* Build configuration list for PBXProject "Herby" */ = {
			isa = XCConfigurationList;
			buildConfigurations = (
				29113A5D234D2501008E6692 /* Debug */,
				29113A5E234D2501008E6692 /* Release */,
			);
			defaultConfigurationIsVisible = 0;
			defaultConfigurationName = Release;
		};
		29113A5F234D2501008E6692 /* Build configuration list for PBXNativeTarget "Herby" */ = {
			isa = XCConfigurationList;
			buildConfigurations = (
				29113A60234D2501008E6692 /* Debug */,
				29113A61234D2501008E6692 /* Release */,
			);
			defaultConfigurationIsVisible = 0;
			defaultConfigurationName = Release;
		};
		29113A62234D2501008E6692 /* Build configuration list for PBXNativeTarget "HerbyTests" */ = {
			isa = XCConfigurationList;
			buildConfigurations = (
				29113A63234D2501008E6692 /* Debug */,
				29113A64234D2501008E6692 /* Release */,
			);
			defaultConfigurationIsVisible = 0;
			defaultConfigurationName = Release;
		};
		29113A65234D2501008E6692 /* Build configuration list for PBXNativeTarget "HerbyUITests" */ = {
			isa = XCConfigurationList;
			buildConfigurations = (
				29113A66234D2501008E6692 /* Debug */,
				29113A67234D2501008E6692 /* Release */,
			);
			defaultConfigurationIsVisible = 0;
			defaultConfigurationName = Release;
		};
/* End XCConfigurationList section */
	};
	rootObject = 29113A2D234D2500008E6692 /* Project object */;
}
